
Microsoft Visual Studio Solution File, Format Version 12.00
# Visual Studio 2012
Project("{FAE04EC0-301F-11D3-BF4B-00C04F79EFBC}") = "EdugameCloud.WCFService", "EdugameCloud.WCFService\EdugameCloud.WCFService.csproj", "{1758C513-FDF1-47FA-842F-9C332DA85C17}"
EndProject
Project("{FAE04EC0-301F-11D3-BF4B-00C04F79EFBC}") = "EdugameCloud.Core", "EdugameCloud.Core\EdugameCloud.Core.csproj", "{4E419CD8-BE17-40E0-B71B-CCA30699D758}"
EndProject
Project("{FAE04EC0-301F-11D3-BF4B-00C04F79EFBC}") = "EdugameCloud.Persistence", "EdugameCloud.Persistence\EdugameCloud.Persistence.csproj", "{69D07FBF-75CA-4C6E-89F7-033E2D9FB710}"
EndProject
Project("{00D1A9C2-B5F0-4AF3-8072-F6C62B433612}") = "EdugameCloud.DB", "EdugameCloud.DB\EdugameCloud.DB.sqlproj", "{2B6A42CB-92AF-4D07-9668-5DEDF3417C1D}"
EndProject
Project("{FAE04EC0-301F-11D3-BF4B-00C04F79EFBC}") = "EdugameCloud.RTMPHandler", "EdugameCloud.RTMPHandler\EdugameCloud.RTMPHandler.csproj", "{F90D1251-B79B-4B6B-8829-C9C58918F4B1}"
EndProject
Project("{FAE04EC0-301F-11D3-BF4B-00C04F79EFBC}") = "EdugameCloud.Tests", "EdugameCloud.Tests\EdugameCloud.Tests.csproj", "{CB4B3A21-D488-4CCC-9C2F-4E20E95573A1}"
EndProject
Global
	GlobalSection(SolutionConfigurationPlatforms) = preSolution
		Debug|Any CPU = Debug|Any CPU
		Release|Any CPU = Release|Any CPU
	EndGlobalSection
	GlobalSection(ProjectConfigurationPlatforms) = postSolution
		{1758C513-FDF1-47FA-842F-9C332DA85C17}.Debug|Any CPU.ActiveCfg = Debug|Any CPU
		{1758C513-FDF1-47FA-842F-9C332DA85C17}.Debug|Any CPU.Build.0 = Debug|Any CPU
		{1758C513-FDF1-47FA-842F-9C332DA85C17}.Release|Any CPU.ActiveCfg = Release|Any CPU
		{1758C513-FDF1-47FA-842F-9C332DA85C17}.Release|Any CPU.Build.0 = Release|Any CPU
		{4E419CD8-BE17-40E0-B71B-CCA30699D758}.Debug|Any CPU.ActiveCfg = Debug|Any CPU
		{4E419CD8-BE17-40E0-B71B-CCA30699D758}.Debug|Any CPU.Build.0 = Debug|Any CPU
		{4E419CD8-BE17-40E0-B71B-CCA30699D758}.Release|Any CPU.ActiveCfg = Release|Any CPU
		{4E419CD8-BE17-40E0-B71B-CCA30699D758}.Release|Any CPU.Build.0 = Release|Any CPU
		{69D07FBF-75CA-4C6E-89F7-033E2D9FB710}.Debug|Any CPU.ActiveCfg = Debug|Any CPU
		{69D07FBF-75CA-4C6E-89F7-033E2D9FB710}.Debug|Any CPU.Build.0 = Debug|Any CPU
		{69D07FBF-75CA-4C6E-89F7-033E2D9FB710}.Release|Any CPU.ActiveCfg = Release|Any CPU
		{69D07FBF-75CA-4C6E-89F7-033E2D9FB710}.Release|Any CPU.Build.0 = Release|Any CPU
		{2B6A42CB-92AF-4D07-9668-5DEDF3417C1D}.Debug|Any CPU.ActiveCfg = Debug|Any CPU
		{2B6A42CB-92AF-4D07-9668-5DEDF3417C1D}.Debug|Any CPU.Build.0 = Debug|Any CPU
		{2B6A42CB-92AF-4D07-9668-5DEDF3417C1D}.Debug|Any CPU.Deploy.0 = Debug|Any CPU
		{2B6A42CB-92AF-4D07-9668-5DEDF3417C1D}.Release|Any CPU.ActiveCfg = Release|Any CPU
		{2B6A42CB-92AF-4D07-9668-5DEDF3417C1D}.Release|Any CPU.Build.0 = Release|Any CPU
		{2B6A42CB-92AF-4D07-9668-5DEDF3417C1D}.Release|Any CPU.Deploy.0 = Release|Any CPU
		{F90D1251-B79B-4B6B-8829-C9C58918F4B1}.Debug|Any CPU.ActiveCfg = Debug|Any CPU
		{F90D1251-B79B-4B6B-8829-C9C58918F4B1}.Debug|Any CPU.Build.0 = Debug|Any CPU
		{F90D1251-B79B-4B6B-8829-C9C58918F4B1}.Release|Any CPU.ActiveCfg = Release|Any CPU
		{F90D1251-B79B-4B6B-8829-C9C58918F4B1}.Release|Any CPU.Build.0 = Release|Any CPU
		{CB4B3A21-D488-4CCC-9C2F-4E20E95573A1}.Debug|Any CPU.ActiveCfg = Debug|Any CPU
		{CB4B3A21-D488-4CCC-9C2F-4E20E95573A1}.Debug|Any CPU.Build.0 = Debug|Any CPU
		{CB4B3A21-D488-4CCC-9C2F-4E20E95573A1}.Release|Any CPU.ActiveCfg = Release|Any CPU
		{CB4B3A21-D488-4CCC-9C2F-4E20E95573A1}.Release|Any CPU.Build.0 = Release|Any CPU
	EndGlobalSection
	GlobalSection(SolutionProperties) = preSolution
		HideSolutionNode = FALSE
	EndGlobalSection
EndGlobal
