
Microsoft Visual Studio Solution File, Format Version 12.00
# Visual Studio 14
VisualStudioVersion = 14.0.25123.0
MinimumVisualStudioVersion = 10.0.40219.1
Project("{FAE04EC0-301F-11D3-BF4B-00C04F79EFBC}") = "EdugameCloud.WCFService", "EdugameCloud.WCFService\EdugameCloud.WCFService.csproj", "{1758C513-FDF1-47FA-842F-9C332DA85C17}"
EndProject
Project("{FAE04EC0-301F-11D3-BF4B-00C04F79EFBC}") = "EdugameCloud.Core", "EdugameCloud.Core\EdugameCloud.Core.csproj", "{4E419CD8-BE17-40E0-B71B-CCA30699D758}"
EndProject
Project("{FAE04EC0-301F-11D3-BF4B-00C04F79EFBC}") = "EdugameCloud.Persistence", "EdugameCloud.Persistence\EdugameCloud.Persistence.csproj", "{69D07FBF-75CA-4C6E-89F7-033E2D9FB710}"
EndProject
Project("{FAE04EC0-301F-11D3-BF4B-00C04F79EFBC}") = "EdugameCloud.Web", "EdugameCloud.Web\EdugameCloud.Web.csproj", "{B149C2F2-4E11-4667-A83F-59D6D00401E4}"
	ProjectSection(ProjectDependencies) = postProject
		{1758C513-FDF1-47FA-842F-9C332DA85C17} = {1758C513-FDF1-47FA-842F-9C332DA85C17}
	EndProjectSection
EndProject
Project("{FAE04EC0-301F-11D3-BF4B-00C04F79EFBC}") = "EdugameCloud.MVC", "EdugameCloud.MVC\EdugameCloud.MVC.csproj", "{A17D2033-4439-4418-8224-96A408B548DB}"
EndProject
Project("{FAE04EC0-301F-11D3-BF4B-00C04F79EFBC}") = "EdugameCloud.Lti", "EdugameCloud.Lti\EdugameCloud.Lti.csproj", "{0654349B-3097-448F-A4B3-B412B9AB20D5}"
EndProject
Project("{FAE04EC0-301F-11D3-BF4B-00C04F79EFBC}") = "EdugameCloud.Lti.Persistence", "EdugameCloud.Lti.Persistence\EdugameCloud.Lti.Persistence.csproj", "{B431087D-825B-4085-9747-F374C60FD4C4}"
EndProject
Project("{FAE04EC0-301F-11D3-BF4B-00C04F79EFBC}") = "EdugameCloud.Lti.WebRequester", "EdugameCloud.Lti.WebRequester\EdugameCloud.Lti.WebRequester.csproj", "{D1C6AF7C-0560-4C09-8650-1A07BBCF92EB}"
EndProject
Project("{FAE04EC0-301F-11D3-BF4B-00C04F79EFBC}") = "EdugameCloud.Lti.Core", "EdugameCloud.Lti.Core\EdugameCloud.Lti.Core.csproj", "{FE423C91-0DE1-45DF-8D88-29777F8F8D75}"
EndProject
Project("{FAE04EC0-301F-11D3-BF4B-00C04F79EFBC}") = "EdugameCloud.Lti.BrainHoney", "EdugameCloud.Lti.BrainHoney\EdugameCloud.Lti.BrainHoney.csproj", "{42F32F14-1E81-4620-9AA0-EC58BF381283}"
EndProject
Project("{FAE04EC0-301F-11D3-BF4B-00C04F79EFBC}") = "EdugameCloud.Lti.Canvas", "EdugameCloud.Lti.Canvas\EdugameCloud.Lti.Canvas.csproj", "{1B19293E-B5CA-463A-93A8-EF09CC255275}"
EndProject
Project("{FAE04EC0-301F-11D3-BF4B-00C04F79EFBC}") = "EdugameCloud.Lti.Moodle", "EdugameCloud.Lti.Moodle\EdugameCloud.Lti.Moodle.csproj", "{0E20B71C-4291-42F8-9F83-E1A51EE5494C}"
EndProject
Project("{FAE04EC0-301F-11D3-BF4B-00C04F79EFBC}") = "EdugameCloud.Lti.BlackBoard", "EdugameCloud.Lti.BlackBoard\EdugameCloud.Lti.BlackBoard.csproj", "{998DB65F-E928-4987-929C-AD2C3931FBA7}"
EndProject
Project("{FAE04EC0-301F-11D3-BF4B-00C04F79EFBC}") = "EdugameCloud.Lti.Desire2Learn", "EdugameCloud.Lti.Desire2Learn\EdugameCloud.Lti.Desire2Learn.csproj", "{C55551AB-4DD5-4BFD-9E75-253456213285}"
EndProject
Project("{2150E333-8FDC-42A3-9474-1A3956D46DE8}") = "ConsoleTask", "ConsoleTask", "{262066CC-6518-4C8E-9D9A-7BFECED2E5F6}"
EndProject
Project("{FAE04EC0-301F-11D3-BF4B-00C04F79EFBC}") = "EdugameCloud.Lti.LmsUserUpdater", "EdugameCloud.Lti.LmsUserUpdater\EdugameCloud.Lti.LmsUserUpdater.csproj", "{4AE3721C-5DE1-4E4C-B6BE-2809E32A8F12}"
EndProject
Project("{2150E333-8FDC-42A3-9474-1A3956D46DE8}") = ".nuget", ".nuget", "{55BBA09A-A844-4A7B-BB8E-38860E00BAEF}"
	ProjectSection(SolutionItems) = preProject
		.nuget\NuGet.Config = .nuget\NuGet.Config
		.nuget\NuGet.exe = .nuget\NuGet.exe
		.nuget\NuGet.targets = .nuget\NuGet.targets
	EndProjectSection
EndProject
Project("{FAE04EC0-301F-11D3-BF4B-00C04F79EFBC}") = "EdugameCloud.PublicApi", "EdugameCloud.PublicApi\EdugameCloud.PublicApi.csproj", "{4D411912-AC32-4C34-B44B-5A75B2A76CE4}"
EndProject
Project("{FAE04EC0-301F-11D3-BF4B-00C04F79EFBC}") = "EdugameCloud.PublicApi.Host", "EdugameCloud.PublicApi.Host\EdugameCloud.PublicApi.Host.csproj", "{27AE88C3-F844-47AD-9D70-8312884579AE}"
EndProject
Project("{FAE04EC0-301F-11D3-BF4B-00C04F79EFBC}") = "EdugameCloud.Lti.Sakai", "EdugameCloud.Lti.Sakai\EdugameCloud.Lti.Sakai.csproj", "{2A856007-FFAB-4D1D-B8D5-510451BF8B79}"
EndProject
Project("{FAE04EC0-301F-11D3-BF4B-00C04F79EFBC}") = "EdugameCloud.Core.Logging", "EdugameCloud.Core.Logging\EdugameCloud.Core.Logging.csproj", "{2C718C51-FA6E-47DF-8260-E1F085B3BC48}"
EndProject
Project("{00D1A9C2-B5F0-4AF3-8072-F6C62B433612}") = "EdugameCloud.DB", "EdugameCloud.DB\EdugameCloud.DB.sqlproj", "{2B6A42CB-92AF-4D07-9668-5DEDF3417C1D}"
EndProject
Project("{FAE04EC0-301F-11D3-BF4B-00C04F79EFBC}") = "EdugameCloud.Lti.Mp4.Host", "EdugameCloud.Lti.Mp4.Host\EdugameCloud.Lti.Mp4.Host.csproj", "{393B9E83-8496-4CA2-A245-AC140F7A2CC6}"
EndProject
Project("{FAE04EC0-301F-11D3-BF4B-00C04F79EFBC}") = "EdugameCloud.Lti.Telephony", "EdugameCloud.Lti.Telephony\EdugameCloud.Lti.Telephony.csproj", "{D1C9FBB4-1F27-4BDB-846C-C3FF86441D76}"
EndProject
Project("{FAE04EC0-301F-11D3-BF4B-00C04F79EFBC}") = "Esynctraining.AdobeConnect.WebApi", "Esynctraining.AdobeConnect.WebApi\Esynctraining.AdobeConnect.WebApi.csproj", "{0E8BD124-A63C-4F57-86AE-58B97CFA3752}"
EndProject
Project("{FAE04EC0-301F-11D3-BF4B-00C04F79EFBC}") = "EdugameCloud.Lti.Content.Host", "EdugameCloud.Lti.Content.Host\EdugameCloud.Lti.Content.Host.csproj", "{F36FD586-01F6-49E5-9CA9-30118F3A2CE6}"
EndProject
Project("{FAE04EC0-301F-11D3-BF4B-00C04F79EFBC}") = "EdugameCloud.Lti.Host", "EdugameCloud.Lti.Host\EdugameCloud.Lti.Host.csproj", "{0DDBBDBC-1479-4592-9E0A-EE25B5AC947B}"
EndProject
Project("{FAE04EC0-301F-11D3-BF4B-00C04F79EFBC}") = "EdugameCloud.SocialStream.Host", "EdugameCloud.SocialStream.Host\EdugameCloud.SocialStream.Host.csproj", "{2BEAD8E8-156F-43CA-9DC2-F853A7F637E8}"
EndProject
Global
	GlobalSection(SolutionConfigurationPlatforms) = preSolution
		Debug|Any CPU = Debug|Any CPU
		LmsUserUpdaterRelease|Any CPU = LmsUserUpdaterRelease|Any CPU
		Mp4Release|Any CPU = Mp4Release|Any CPU
		MyContentRelease|Any CPU = MyContentRelease|Any CPU
		PublicApiRelease|Any CPU = PublicApiRelease|Any CPU
		Release|Any CPU = Release|Any CPU
		RootRelease|Any CPU = RootRelease|Any CPU
		ServiceRelease|Any CPU = ServiceRelease|Any CPU
		WebRequesterRelease|Any CPU = WebRequesterRelease|Any CPU
	EndGlobalSection
	GlobalSection(ProjectConfigurationPlatforms) = postSolution
		{1758C513-FDF1-47FA-842F-9C332DA85C17}.Debug|Any CPU.ActiveCfg = Debug|Any CPU
		{1758C513-FDF1-47FA-842F-9C332DA85C17}.Debug|Any CPU.Build.0 = Debug|Any CPU
		{1758C513-FDF1-47FA-842F-9C332DA85C17}.LmsUserUpdaterRelease|Any CPU.ActiveCfg = Release|Any CPU
		{1758C513-FDF1-47FA-842F-9C332DA85C17}.Mp4Release|Any CPU.ActiveCfg = Release|Any CPU
		{1758C513-FDF1-47FA-842F-9C332DA85C17}.MyContentRelease|Any CPU.ActiveCfg = Release|Any CPU
		{1758C513-FDF1-47FA-842F-9C332DA85C17}.PublicApiRelease|Any CPU.ActiveCfg = Release|Any CPU
		{1758C513-FDF1-47FA-842F-9C332DA85C17}.Release|Any CPU.ActiveCfg = Release|Any CPU
		{1758C513-FDF1-47FA-842F-9C332DA85C17}.Release|Any CPU.Build.0 = Release|Any CPU
		{1758C513-FDF1-47FA-842F-9C332DA85C17}.RootRelease|Any CPU.ActiveCfg = Release|Any CPU
		{1758C513-FDF1-47FA-842F-9C332DA85C17}.ServiceRelease|Any CPU.ActiveCfg = Release|Any CPU
		{1758C513-FDF1-47FA-842F-9C332DA85C17}.ServiceRelease|Any CPU.Build.0 = Release|Any CPU
		{1758C513-FDF1-47FA-842F-9C332DA85C17}.WebRequesterRelease|Any CPU.ActiveCfg = Release|Any CPU
		{4E419CD8-BE17-40E0-B71B-CCA30699D758}.Debug|Any CPU.ActiveCfg = Debug|Any CPU
		{4E419CD8-BE17-40E0-B71B-CCA30699D758}.Debug|Any CPU.Build.0 = Debug|Any CPU
		{4E419CD8-BE17-40E0-B71B-CCA30699D758}.LmsUserUpdaterRelease|Any CPU.ActiveCfg = Release|Any CPU
		{4E419CD8-BE17-40E0-B71B-CCA30699D758}.LmsUserUpdaterRelease|Any CPU.Build.0 = Release|Any CPU
		{4E419CD8-BE17-40E0-B71B-CCA30699D758}.Mp4Release|Any CPU.ActiveCfg = Release|Any CPU
		{4E419CD8-BE17-40E0-B71B-CCA30699D758}.Mp4Release|Any CPU.Build.0 = Release|Any CPU
		{4E419CD8-BE17-40E0-B71B-CCA30699D758}.MyContentRelease|Any CPU.ActiveCfg = Release|Any CPU
		{4E419CD8-BE17-40E0-B71B-CCA30699D758}.MyContentRelease|Any CPU.Build.0 = Release|Any CPU
		{4E419CD8-BE17-40E0-B71B-CCA30699D758}.PublicApiRelease|Any CPU.ActiveCfg = Release|Any CPU
		{4E419CD8-BE17-40E0-B71B-CCA30699D758}.PublicApiRelease|Any CPU.Build.0 = Release|Any CPU
		{4E419CD8-BE17-40E0-B71B-CCA30699D758}.Release|Any CPU.ActiveCfg = Release|Any CPU
		{4E419CD8-BE17-40E0-B71B-CCA30699D758}.Release|Any CPU.Build.0 = Release|Any CPU
		{4E419CD8-BE17-40E0-B71B-CCA30699D758}.RootRelease|Any CPU.ActiveCfg = Release|Any CPU
		{4E419CD8-BE17-40E0-B71B-CCA30699D758}.RootRelease|Any CPU.Build.0 = Release|Any CPU
		{4E419CD8-BE17-40E0-B71B-CCA30699D758}.ServiceRelease|Any CPU.ActiveCfg = Release|Any CPU
		{4E419CD8-BE17-40E0-B71B-CCA30699D758}.ServiceRelease|Any CPU.Build.0 = Release|Any CPU
		{4E419CD8-BE17-40E0-B71B-CCA30699D758}.WebRequesterRelease|Any CPU.ActiveCfg = Release|Any CPU
		{69D07FBF-75CA-4C6E-89F7-033E2D9FB710}.Debug|Any CPU.ActiveCfg = Debug|Any CPU
		{69D07FBF-75CA-4C6E-89F7-033E2D9FB710}.Debug|Any CPU.Build.0 = Debug|Any CPU
		{69D07FBF-75CA-4C6E-89F7-033E2D9FB710}.LmsUserUpdaterRelease|Any CPU.ActiveCfg = Release|Any CPU
		{69D07FBF-75CA-4C6E-89F7-033E2D9FB710}.LmsUserUpdaterRelease|Any CPU.Build.0 = Release|Any CPU
		{69D07FBF-75CA-4C6E-89F7-033E2D9FB710}.Mp4Release|Any CPU.ActiveCfg = Release|Any CPU
		{69D07FBF-75CA-4C6E-89F7-033E2D9FB710}.Mp4Release|Any CPU.Build.0 = Release|Any CPU
		{69D07FBF-75CA-4C6E-89F7-033E2D9FB710}.MyContentRelease|Any CPU.ActiveCfg = Release|Any CPU
		{69D07FBF-75CA-4C6E-89F7-033E2D9FB710}.MyContentRelease|Any CPU.Build.0 = Release|Any CPU
		{69D07FBF-75CA-4C6E-89F7-033E2D9FB710}.PublicApiRelease|Any CPU.ActiveCfg = Release|Any CPU
		{69D07FBF-75CA-4C6E-89F7-033E2D9FB710}.PublicApiRelease|Any CPU.Build.0 = Release|Any CPU
		{69D07FBF-75CA-4C6E-89F7-033E2D9FB710}.Release|Any CPU.ActiveCfg = Release|Any CPU
		{69D07FBF-75CA-4C6E-89F7-033E2D9FB710}.Release|Any CPU.Build.0 = Release|Any CPU
		{69D07FBF-75CA-4C6E-89F7-033E2D9FB710}.RootRelease|Any CPU.ActiveCfg = Release|Any CPU
		{69D07FBF-75CA-4C6E-89F7-033E2D9FB710}.RootRelease|Any CPU.Build.0 = Release|Any CPU
		{69D07FBF-75CA-4C6E-89F7-033E2D9FB710}.ServiceRelease|Any CPU.ActiveCfg = Release|Any CPU
		{69D07FBF-75CA-4C6E-89F7-033E2D9FB710}.ServiceRelease|Any CPU.Build.0 = Release|Any CPU
		{69D07FBF-75CA-4C6E-89F7-033E2D9FB710}.WebRequesterRelease|Any CPU.ActiveCfg = Release|Any CPU
		{B149C2F2-4E11-4667-A83F-59D6D00401E4}.Debug|Any CPU.ActiveCfg = Debug|Any CPU
		{B149C2F2-4E11-4667-A83F-59D6D00401E4}.Debug|Any CPU.Build.0 = Debug|Any CPU
		{B149C2F2-4E11-4667-A83F-59D6D00401E4}.LmsUserUpdaterRelease|Any CPU.ActiveCfg = Release|Any CPU
		{B149C2F2-4E11-4667-A83F-59D6D00401E4}.Mp4Release|Any CPU.ActiveCfg = Release|Any CPU
		{B149C2F2-4E11-4667-A83F-59D6D00401E4}.MyContentRelease|Any CPU.ActiveCfg = Release|Any CPU
		{B149C2F2-4E11-4667-A83F-59D6D00401E4}.PublicApiRelease|Any CPU.ActiveCfg = Release|Any CPU
		{B149C2F2-4E11-4667-A83F-59D6D00401E4}.Release|Any CPU.ActiveCfg = Release|Any CPU
		{B149C2F2-4E11-4667-A83F-59D6D00401E4}.Release|Any CPU.Build.0 = Release|Any CPU
		{B149C2F2-4E11-4667-A83F-59D6D00401E4}.RootRelease|Any CPU.ActiveCfg = Release|Any CPU
		{B149C2F2-4E11-4667-A83F-59D6D00401E4}.RootRelease|Any CPU.Build.0 = Release|Any CPU
		{B149C2F2-4E11-4667-A83F-59D6D00401E4}.ServiceRelease|Any CPU.ActiveCfg = Release|Any CPU
		{B149C2F2-4E11-4667-A83F-59D6D00401E4}.WebRequesterRelease|Any CPU.ActiveCfg = Release|Any CPU
		{A17D2033-4439-4418-8224-96A408B548DB}.Debug|Any CPU.ActiveCfg = Debug|Any CPU
		{A17D2033-4439-4418-8224-96A408B548DB}.Debug|Any CPU.Build.0 = Debug|Any CPU
		{A17D2033-4439-4418-8224-96A408B548DB}.LmsUserUpdaterRelease|Any CPU.ActiveCfg = Release|Any CPU
		{A17D2033-4439-4418-8224-96A408B548DB}.Mp4Release|Any CPU.ActiveCfg = Release|Any CPU
		{A17D2033-4439-4418-8224-96A408B548DB}.Mp4Release|Any CPU.Build.0 = Release|Any CPU
		{A17D2033-4439-4418-8224-96A408B548DB}.MyContentRelease|Any CPU.ActiveCfg = Release|Any CPU
		{A17D2033-4439-4418-8224-96A408B548DB}.PublicApiRelease|Any CPU.ActiveCfg = Release|Any CPU
		{A17D2033-4439-4418-8224-96A408B548DB}.Release|Any CPU.ActiveCfg = Release|Any CPU
		{A17D2033-4439-4418-8224-96A408B548DB}.Release|Any CPU.Build.0 = Release|Any CPU
		{A17D2033-4439-4418-8224-96A408B548DB}.RootRelease|Any CPU.ActiveCfg = Release|Any CPU
		{A17D2033-4439-4418-8224-96A408B548DB}.RootRelease|Any CPU.Build.0 = Release|Any CPU
		{A17D2033-4439-4418-8224-96A408B548DB}.ServiceRelease|Any CPU.ActiveCfg = Release|Any CPU
		{A17D2033-4439-4418-8224-96A408B548DB}.WebRequesterRelease|Any CPU.ActiveCfg = Release|Any CPU
		{0654349B-3097-448F-A4B3-B412B9AB20D5}.Debug|Any CPU.ActiveCfg = Debug|Any CPU
		{0654349B-3097-448F-A4B3-B412B9AB20D5}.Debug|Any CPU.Build.0 = Debug|Any CPU
		{0654349B-3097-448F-A4B3-B412B9AB20D5}.LmsUserUpdaterRelease|Any CPU.ActiveCfg = Release|Any CPU
		{0654349B-3097-448F-A4B3-B412B9AB20D5}.LmsUserUpdaterRelease|Any CPU.Build.0 = Release|Any CPU
		{0654349B-3097-448F-A4B3-B412B9AB20D5}.Mp4Release|Any CPU.ActiveCfg = Release|Any CPU
		{0654349B-3097-448F-A4B3-B412B9AB20D5}.Mp4Release|Any CPU.Build.0 = Release|Any CPU
		{0654349B-3097-448F-A4B3-B412B9AB20D5}.MyContentRelease|Any CPU.ActiveCfg = Release|Any CPU
		{0654349B-3097-448F-A4B3-B412B9AB20D5}.MyContentRelease|Any CPU.Build.0 = Release|Any CPU
		{0654349B-3097-448F-A4B3-B412B9AB20D5}.PublicApiRelease|Any CPU.ActiveCfg = Release|Any CPU
		{0654349B-3097-448F-A4B3-B412B9AB20D5}.PublicApiRelease|Any CPU.Build.0 = Release|Any CPU
		{0654349B-3097-448F-A4B3-B412B9AB20D5}.Release|Any CPU.ActiveCfg = Release|Any CPU
		{0654349B-3097-448F-A4B3-B412B9AB20D5}.Release|Any CPU.Build.0 = Release|Any CPU
		{0654349B-3097-448F-A4B3-B412B9AB20D5}.RootRelease|Any CPU.ActiveCfg = Release|Any CPU
		{0654349B-3097-448F-A4B3-B412B9AB20D5}.RootRelease|Any CPU.Build.0 = Release|Any CPU
		{0654349B-3097-448F-A4B3-B412B9AB20D5}.ServiceRelease|Any CPU.ActiveCfg = Release|Any CPU
		{0654349B-3097-448F-A4B3-B412B9AB20D5}.ServiceRelease|Any CPU.Build.0 = Release|Any CPU
		{0654349B-3097-448F-A4B3-B412B9AB20D5}.WebRequesterRelease|Any CPU.ActiveCfg = Release|Any CPU
		{B431087D-825B-4085-9747-F374C60FD4C4}.Debug|Any CPU.ActiveCfg = Debug|Any CPU
		{B431087D-825B-4085-9747-F374C60FD4C4}.Debug|Any CPU.Build.0 = Debug|Any CPU
		{B431087D-825B-4085-9747-F374C60FD4C4}.LmsUserUpdaterRelease|Any CPU.ActiveCfg = Release|Any CPU
		{B431087D-825B-4085-9747-F374C60FD4C4}.LmsUserUpdaterRelease|Any CPU.Build.0 = Release|Any CPU
		{B431087D-825B-4085-9747-F374C60FD4C4}.Mp4Release|Any CPU.ActiveCfg = Release|Any CPU
		{B431087D-825B-4085-9747-F374C60FD4C4}.Mp4Release|Any CPU.Build.0 = Release|Any CPU
		{B431087D-825B-4085-9747-F374C60FD4C4}.MyContentRelease|Any CPU.ActiveCfg = Release|Any CPU
		{B431087D-825B-4085-9747-F374C60FD4C4}.MyContentRelease|Any CPU.Build.0 = Release|Any CPU
		{B431087D-825B-4085-9747-F374C60FD4C4}.PublicApiRelease|Any CPU.ActiveCfg = Release|Any CPU
		{B431087D-825B-4085-9747-F374C60FD4C4}.PublicApiRelease|Any CPU.Build.0 = Release|Any CPU
		{B431087D-825B-4085-9747-F374C60FD4C4}.Release|Any CPU.ActiveCfg = Release|Any CPU
		{B431087D-825B-4085-9747-F374C60FD4C4}.Release|Any CPU.Build.0 = Release|Any CPU
		{B431087D-825B-4085-9747-F374C60FD4C4}.RootRelease|Any CPU.ActiveCfg = Release|Any CPU
		{B431087D-825B-4085-9747-F374C60FD4C4}.RootRelease|Any CPU.Build.0 = Release|Any CPU
		{B431087D-825B-4085-9747-F374C60FD4C4}.ServiceRelease|Any CPU.ActiveCfg = Release|Any CPU
		{B431087D-825B-4085-9747-F374C60FD4C4}.ServiceRelease|Any CPU.Build.0 = Release|Any CPU
		{B431087D-825B-4085-9747-F374C60FD4C4}.WebRequesterRelease|Any CPU.ActiveCfg = Release|Any CPU
		{D1C6AF7C-0560-4C09-8650-1A07BBCF92EB}.Debug|Any CPU.ActiveCfg = Debug|Any CPU
		{D1C6AF7C-0560-4C09-8650-1A07BBCF92EB}.Debug|Any CPU.Build.0 = Debug|Any CPU
		{D1C6AF7C-0560-4C09-8650-1A07BBCF92EB}.LmsUserUpdaterRelease|Any CPU.ActiveCfg = Release|Any CPU
		{D1C6AF7C-0560-4C09-8650-1A07BBCF92EB}.Mp4Release|Any CPU.ActiveCfg = Release|Any CPU
		{D1C6AF7C-0560-4C09-8650-1A07BBCF92EB}.MyContentRelease|Any CPU.ActiveCfg = Release|Any CPU
		{D1C6AF7C-0560-4C09-8650-1A07BBCF92EB}.PublicApiRelease|Any CPU.ActiveCfg = Release|Any CPU
		{D1C6AF7C-0560-4C09-8650-1A07BBCF92EB}.Release|Any CPU.ActiveCfg = Release|Any CPU
		{D1C6AF7C-0560-4C09-8650-1A07BBCF92EB}.Release|Any CPU.Build.0 = Release|Any CPU
		{D1C6AF7C-0560-4C09-8650-1A07BBCF92EB}.RootRelease|Any CPU.ActiveCfg = Release|Any CPU
		{D1C6AF7C-0560-4C09-8650-1A07BBCF92EB}.ServiceRelease|Any CPU.ActiveCfg = Release|Any CPU
		{D1C6AF7C-0560-4C09-8650-1A07BBCF92EB}.WebRequesterRelease|Any CPU.ActiveCfg = Release|Any CPU
		{D1C6AF7C-0560-4C09-8650-1A07BBCF92EB}.WebRequesterRelease|Any CPU.Build.0 = Release|Any CPU
		{FE423C91-0DE1-45DF-8D88-29777F8F8D75}.Debug|Any CPU.ActiveCfg = Debug|Any CPU
		{FE423C91-0DE1-45DF-8D88-29777F8F8D75}.Debug|Any CPU.Build.0 = Debug|Any CPU
		{FE423C91-0DE1-45DF-8D88-29777F8F8D75}.LmsUserUpdaterRelease|Any CPU.ActiveCfg = Release|Any CPU
		{FE423C91-0DE1-45DF-8D88-29777F8F8D75}.LmsUserUpdaterRelease|Any CPU.Build.0 = Release|Any CPU
		{FE423C91-0DE1-45DF-8D88-29777F8F8D75}.Mp4Release|Any CPU.ActiveCfg = Release|Any CPU
		{FE423C91-0DE1-45DF-8D88-29777F8F8D75}.Mp4Release|Any CPU.Build.0 = Release|Any CPU
		{FE423C91-0DE1-45DF-8D88-29777F8F8D75}.MyContentRelease|Any CPU.ActiveCfg = Release|Any CPU
		{FE423C91-0DE1-45DF-8D88-29777F8F8D75}.MyContentRelease|Any CPU.Build.0 = Release|Any CPU
		{FE423C91-0DE1-45DF-8D88-29777F8F8D75}.PublicApiRelease|Any CPU.ActiveCfg = Release|Any CPU
		{FE423C91-0DE1-45DF-8D88-29777F8F8D75}.PublicApiRelease|Any CPU.Build.0 = Release|Any CPU
		{FE423C91-0DE1-45DF-8D88-29777F8F8D75}.Release|Any CPU.ActiveCfg = Release|Any CPU
		{FE423C91-0DE1-45DF-8D88-29777F8F8D75}.Release|Any CPU.Build.0 = Release|Any CPU
		{FE423C91-0DE1-45DF-8D88-29777F8F8D75}.RootRelease|Any CPU.ActiveCfg = Release|Any CPU
		{FE423C91-0DE1-45DF-8D88-29777F8F8D75}.RootRelease|Any CPU.Build.0 = Release|Any CPU
		{FE423C91-0DE1-45DF-8D88-29777F8F8D75}.ServiceRelease|Any CPU.ActiveCfg = Release|Any CPU
		{FE423C91-0DE1-45DF-8D88-29777F8F8D75}.ServiceRelease|Any CPU.Build.0 = Release|Any CPU
		{FE423C91-0DE1-45DF-8D88-29777F8F8D75}.WebRequesterRelease|Any CPU.ActiveCfg = Release|Any CPU
		{42F32F14-1E81-4620-9AA0-EC58BF381283}.Debug|Any CPU.ActiveCfg = Debug|Any CPU
		{42F32F14-1E81-4620-9AA0-EC58BF381283}.Debug|Any CPU.Build.0 = Debug|Any CPU
		{42F32F14-1E81-4620-9AA0-EC58BF381283}.LmsUserUpdaterRelease|Any CPU.ActiveCfg = Release|Any CPU
		{42F32F14-1E81-4620-9AA0-EC58BF381283}.LmsUserUpdaterRelease|Any CPU.Build.0 = Release|Any CPU
		{42F32F14-1E81-4620-9AA0-EC58BF381283}.Mp4Release|Any CPU.ActiveCfg = Release|Any CPU
		{42F32F14-1E81-4620-9AA0-EC58BF381283}.Mp4Release|Any CPU.Build.0 = Release|Any CPU
		{42F32F14-1E81-4620-9AA0-EC58BF381283}.MyContentRelease|Any CPU.ActiveCfg = Release|Any CPU
		{42F32F14-1E81-4620-9AA0-EC58BF381283}.MyContentRelease|Any CPU.Build.0 = Release|Any CPU
		{42F32F14-1E81-4620-9AA0-EC58BF381283}.PublicApiRelease|Any CPU.ActiveCfg = Release|Any CPU
		{42F32F14-1E81-4620-9AA0-EC58BF381283}.PublicApiRelease|Any CPU.Build.0 = Release|Any CPU
		{42F32F14-1E81-4620-9AA0-EC58BF381283}.Release|Any CPU.ActiveCfg = Release|Any CPU
		{42F32F14-1E81-4620-9AA0-EC58BF381283}.Release|Any CPU.Build.0 = Release|Any CPU
		{42F32F14-1E81-4620-9AA0-EC58BF381283}.RootRelease|Any CPU.ActiveCfg = Release|Any CPU
		{42F32F14-1E81-4620-9AA0-EC58BF381283}.RootRelease|Any CPU.Build.0 = Release|Any CPU
		{42F32F14-1E81-4620-9AA0-EC58BF381283}.ServiceRelease|Any CPU.ActiveCfg = Release|Any CPU
		{42F32F14-1E81-4620-9AA0-EC58BF381283}.ServiceRelease|Any CPU.Build.0 = Release|Any CPU
		{42F32F14-1E81-4620-9AA0-EC58BF381283}.WebRequesterRelease|Any CPU.ActiveCfg = Release|Any CPU
		{1B19293E-B5CA-463A-93A8-EF09CC255275}.Debug|Any CPU.ActiveCfg = Debug|Any CPU
		{1B19293E-B5CA-463A-93A8-EF09CC255275}.Debug|Any CPU.Build.0 = Debug|Any CPU
		{1B19293E-B5CA-463A-93A8-EF09CC255275}.LmsUserUpdaterRelease|Any CPU.ActiveCfg = Release|Any CPU
		{1B19293E-B5CA-463A-93A8-EF09CC255275}.LmsUserUpdaterRelease|Any CPU.Build.0 = Release|Any CPU
		{1B19293E-B5CA-463A-93A8-EF09CC255275}.Mp4Release|Any CPU.ActiveCfg = Release|Any CPU
		{1B19293E-B5CA-463A-93A8-EF09CC255275}.Mp4Release|Any CPU.Build.0 = Release|Any CPU
		{1B19293E-B5CA-463A-93A8-EF09CC255275}.MyContentRelease|Any CPU.ActiveCfg = Release|Any CPU
		{1B19293E-B5CA-463A-93A8-EF09CC255275}.MyContentRelease|Any CPU.Build.0 = Release|Any CPU
		{1B19293E-B5CA-463A-93A8-EF09CC255275}.PublicApiRelease|Any CPU.ActiveCfg = Release|Any CPU
		{1B19293E-B5CA-463A-93A8-EF09CC255275}.PublicApiRelease|Any CPU.Build.0 = Release|Any CPU
		{1B19293E-B5CA-463A-93A8-EF09CC255275}.Release|Any CPU.ActiveCfg = Release|Any CPU
		{1B19293E-B5CA-463A-93A8-EF09CC255275}.Release|Any CPU.Build.0 = Release|Any CPU
		{1B19293E-B5CA-463A-93A8-EF09CC255275}.RootRelease|Any CPU.ActiveCfg = Release|Any CPU
		{1B19293E-B5CA-463A-93A8-EF09CC255275}.RootRelease|Any CPU.Build.0 = Release|Any CPU
		{1B19293E-B5CA-463A-93A8-EF09CC255275}.ServiceRelease|Any CPU.ActiveCfg = Release|Any CPU
		{1B19293E-B5CA-463A-93A8-EF09CC255275}.ServiceRelease|Any CPU.Build.0 = Release|Any CPU
		{1B19293E-B5CA-463A-93A8-EF09CC255275}.WebRequesterRelease|Any CPU.ActiveCfg = Release|Any CPU
		{0E20B71C-4291-42F8-9F83-E1A51EE5494C}.Debug|Any CPU.ActiveCfg = Debug|Any CPU
		{0E20B71C-4291-42F8-9F83-E1A51EE5494C}.Debug|Any CPU.Build.0 = Debug|Any CPU
		{0E20B71C-4291-42F8-9F83-E1A51EE5494C}.LmsUserUpdaterRelease|Any CPU.ActiveCfg = Release|Any CPU
		{0E20B71C-4291-42F8-9F83-E1A51EE5494C}.LmsUserUpdaterRelease|Any CPU.Build.0 = Release|Any CPU
		{0E20B71C-4291-42F8-9F83-E1A51EE5494C}.Mp4Release|Any CPU.ActiveCfg = Release|Any CPU
		{0E20B71C-4291-42F8-9F83-E1A51EE5494C}.Mp4Release|Any CPU.Build.0 = Release|Any CPU
		{0E20B71C-4291-42F8-9F83-E1A51EE5494C}.MyContentRelease|Any CPU.ActiveCfg = Release|Any CPU
		{0E20B71C-4291-42F8-9F83-E1A51EE5494C}.MyContentRelease|Any CPU.Build.0 = Release|Any CPU
		{0E20B71C-4291-42F8-9F83-E1A51EE5494C}.PublicApiRelease|Any CPU.ActiveCfg = Release|Any CPU
		{0E20B71C-4291-42F8-9F83-E1A51EE5494C}.PublicApiRelease|Any CPU.Build.0 = Release|Any CPU
		{0E20B71C-4291-42F8-9F83-E1A51EE5494C}.Release|Any CPU.ActiveCfg = Release|Any CPU
		{0E20B71C-4291-42F8-9F83-E1A51EE5494C}.Release|Any CPU.Build.0 = Release|Any CPU
		{0E20B71C-4291-42F8-9F83-E1A51EE5494C}.RootRelease|Any CPU.ActiveCfg = Release|Any CPU
		{0E20B71C-4291-42F8-9F83-E1A51EE5494C}.RootRelease|Any CPU.Build.0 = Release|Any CPU
		{0E20B71C-4291-42F8-9F83-E1A51EE5494C}.ServiceRelease|Any CPU.ActiveCfg = Release|Any CPU
		{0E20B71C-4291-42F8-9F83-E1A51EE5494C}.ServiceRelease|Any CPU.Build.0 = Release|Any CPU
		{0E20B71C-4291-42F8-9F83-E1A51EE5494C}.WebRequesterRelease|Any CPU.ActiveCfg = Release|Any CPU
		{998DB65F-E928-4987-929C-AD2C3931FBA7}.Debug|Any CPU.ActiveCfg = Debug|Any CPU
		{998DB65F-E928-4987-929C-AD2C3931FBA7}.Debug|Any CPU.Build.0 = Debug|Any CPU
		{998DB65F-E928-4987-929C-AD2C3931FBA7}.LmsUserUpdaterRelease|Any CPU.ActiveCfg = Release|Any CPU
		{998DB65F-E928-4987-929C-AD2C3931FBA7}.LmsUserUpdaterRelease|Any CPU.Build.0 = Release|Any CPU
		{998DB65F-E928-4987-929C-AD2C3931FBA7}.Mp4Release|Any CPU.ActiveCfg = Release|Any CPU
		{998DB65F-E928-4987-929C-AD2C3931FBA7}.Mp4Release|Any CPU.Build.0 = Release|Any CPU
		{998DB65F-E928-4987-929C-AD2C3931FBA7}.MyContentRelease|Any CPU.ActiveCfg = Release|Any CPU
		{998DB65F-E928-4987-929C-AD2C3931FBA7}.MyContentRelease|Any CPU.Build.0 = Release|Any CPU
		{998DB65F-E928-4987-929C-AD2C3931FBA7}.PublicApiRelease|Any CPU.ActiveCfg = Release|Any CPU
		{998DB65F-E928-4987-929C-AD2C3931FBA7}.PublicApiRelease|Any CPU.Build.0 = Release|Any CPU
		{998DB65F-E928-4987-929C-AD2C3931FBA7}.Release|Any CPU.ActiveCfg = Release|Any CPU
		{998DB65F-E928-4987-929C-AD2C3931FBA7}.Release|Any CPU.Build.0 = Release|Any CPU
		{998DB65F-E928-4987-929C-AD2C3931FBA7}.RootRelease|Any CPU.ActiveCfg = Release|Any CPU
		{998DB65F-E928-4987-929C-AD2C3931FBA7}.RootRelease|Any CPU.Build.0 = Release|Any CPU
		{998DB65F-E928-4987-929C-AD2C3931FBA7}.ServiceRelease|Any CPU.ActiveCfg = Release|Any CPU
		{998DB65F-E928-4987-929C-AD2C3931FBA7}.ServiceRelease|Any CPU.Build.0 = Release|Any CPU
		{998DB65F-E928-4987-929C-AD2C3931FBA7}.WebRequesterRelease|Any CPU.ActiveCfg = Release|Any CPU
		{C55551AB-4DD5-4BFD-9E75-253456213285}.Debug|Any CPU.ActiveCfg = Debug|Any CPU
		{C55551AB-4DD5-4BFD-9E75-253456213285}.Debug|Any CPU.Build.0 = Debug|Any CPU
		{C55551AB-4DD5-4BFD-9E75-253456213285}.LmsUserUpdaterRelease|Any CPU.ActiveCfg = Release|Any CPU
		{C55551AB-4DD5-4BFD-9E75-253456213285}.LmsUserUpdaterRelease|Any CPU.Build.0 = Release|Any CPU
		{C55551AB-4DD5-4BFD-9E75-253456213285}.Mp4Release|Any CPU.ActiveCfg = Release|Any CPU
		{C55551AB-4DD5-4BFD-9E75-253456213285}.Mp4Release|Any CPU.Build.0 = Release|Any CPU
		{C55551AB-4DD5-4BFD-9E75-253456213285}.MyContentRelease|Any CPU.ActiveCfg = Release|Any CPU
		{C55551AB-4DD5-4BFD-9E75-253456213285}.MyContentRelease|Any CPU.Build.0 = Release|Any CPU
		{C55551AB-4DD5-4BFD-9E75-253456213285}.PublicApiRelease|Any CPU.ActiveCfg = Release|Any CPU
		{C55551AB-4DD5-4BFD-9E75-253456213285}.PublicApiRelease|Any CPU.Build.0 = Release|Any CPU
		{C55551AB-4DD5-4BFD-9E75-253456213285}.Release|Any CPU.ActiveCfg = Release|Any CPU
		{C55551AB-4DD5-4BFD-9E75-253456213285}.Release|Any CPU.Build.0 = Release|Any CPU
		{C55551AB-4DD5-4BFD-9E75-253456213285}.RootRelease|Any CPU.ActiveCfg = Release|Any CPU
		{C55551AB-4DD5-4BFD-9E75-253456213285}.RootRelease|Any CPU.Build.0 = Release|Any CPU
		{C55551AB-4DD5-4BFD-9E75-253456213285}.ServiceRelease|Any CPU.ActiveCfg = Release|Any CPU
		{C55551AB-4DD5-4BFD-9E75-253456213285}.ServiceRelease|Any CPU.Build.0 = Release|Any CPU
		{C55551AB-4DD5-4BFD-9E75-253456213285}.WebRequesterRelease|Any CPU.ActiveCfg = Release|Any CPU
		{4AE3721C-5DE1-4E4C-B6BE-2809E32A8F12}.Debug|Any CPU.ActiveCfg = Debug|Any CPU
		{4AE3721C-5DE1-4E4C-B6BE-2809E32A8F12}.Debug|Any CPU.Build.0 = Debug|Any CPU
		{4AE3721C-5DE1-4E4C-B6BE-2809E32A8F12}.LmsUserUpdaterRelease|Any CPU.ActiveCfg = Release|Any CPU
		{4AE3721C-5DE1-4E4C-B6BE-2809E32A8F12}.LmsUserUpdaterRelease|Any CPU.Build.0 = Release|Any CPU
		{4AE3721C-5DE1-4E4C-B6BE-2809E32A8F12}.Mp4Release|Any CPU.ActiveCfg = Release|Any CPU
		{4AE3721C-5DE1-4E4C-B6BE-2809E32A8F12}.MyContentRelease|Any CPU.ActiveCfg = Release|Any CPU
		{4AE3721C-5DE1-4E4C-B6BE-2809E32A8F12}.PublicApiRelease|Any CPU.ActiveCfg = Release|Any CPU
		{4AE3721C-5DE1-4E4C-B6BE-2809E32A8F12}.Release|Any CPU.ActiveCfg = Release|Any CPU
		{4AE3721C-5DE1-4E4C-B6BE-2809E32A8F12}.Release|Any CPU.Build.0 = Release|Any CPU
		{4AE3721C-5DE1-4E4C-B6BE-2809E32A8F12}.RootRelease|Any CPU.ActiveCfg = Release|Any CPU
		{4AE3721C-5DE1-4E4C-B6BE-2809E32A8F12}.ServiceRelease|Any CPU.ActiveCfg = Release|Any CPU
		{4AE3721C-5DE1-4E4C-B6BE-2809E32A8F12}.WebRequesterRelease|Any CPU.ActiveCfg = Release|Any CPU
		{4D411912-AC32-4C34-B44B-5A75B2A76CE4}.Debug|Any CPU.ActiveCfg = Debug|Any CPU
		{4D411912-AC32-4C34-B44B-5A75B2A76CE4}.Debug|Any CPU.Build.0 = Debug|Any CPU
		{4D411912-AC32-4C34-B44B-5A75B2A76CE4}.LmsUserUpdaterRelease|Any CPU.ActiveCfg = Release|Any CPU
		{4D411912-AC32-4C34-B44B-5A75B2A76CE4}.Mp4Release|Any CPU.ActiveCfg = Release|Any CPU
		{4D411912-AC32-4C34-B44B-5A75B2A76CE4}.MyContentRelease|Any CPU.ActiveCfg = Release|Any CPU
		{4D411912-AC32-4C34-B44B-5A75B2A76CE4}.PublicApiRelease|Any CPU.ActiveCfg = Release|Any CPU
		{4D411912-AC32-4C34-B44B-5A75B2A76CE4}.PublicApiRelease|Any CPU.Build.0 = Release|Any CPU
		{4D411912-AC32-4C34-B44B-5A75B2A76CE4}.Release|Any CPU.ActiveCfg = Release|Any CPU
		{4D411912-AC32-4C34-B44B-5A75B2A76CE4}.Release|Any CPU.Build.0 = Release|Any CPU
		{4D411912-AC32-4C34-B44B-5A75B2A76CE4}.RootRelease|Any CPU.ActiveCfg = Release|Any CPU
		{4D411912-AC32-4C34-B44B-5A75B2A76CE4}.ServiceRelease|Any CPU.ActiveCfg = Release|Any CPU
		{4D411912-AC32-4C34-B44B-5A75B2A76CE4}.WebRequesterRelease|Any CPU.ActiveCfg = Release|Any CPU
		{27AE88C3-F844-47AD-9D70-8312884579AE}.Debug|Any CPU.ActiveCfg = Debug|Any CPU
		{27AE88C3-F844-47AD-9D70-8312884579AE}.Debug|Any CPU.Build.0 = Debug|Any CPU
		{27AE88C3-F844-47AD-9D70-8312884579AE}.LmsUserUpdaterRelease|Any CPU.ActiveCfg = Release|Any CPU
		{27AE88C3-F844-47AD-9D70-8312884579AE}.Mp4Release|Any CPU.ActiveCfg = Release|Any CPU
		{27AE88C3-F844-47AD-9D70-8312884579AE}.MyContentRelease|Any CPU.ActiveCfg = Release|Any CPU
		{27AE88C3-F844-47AD-9D70-8312884579AE}.PublicApiRelease|Any CPU.ActiveCfg = Release|Any CPU
		{27AE88C3-F844-47AD-9D70-8312884579AE}.PublicApiRelease|Any CPU.Build.0 = Release|Any CPU
		{27AE88C3-F844-47AD-9D70-8312884579AE}.Release|Any CPU.ActiveCfg = Release|Any CPU
		{27AE88C3-F844-47AD-9D70-8312884579AE}.Release|Any CPU.Build.0 = Release|Any CPU
		{27AE88C3-F844-47AD-9D70-8312884579AE}.RootRelease|Any CPU.ActiveCfg = Release|Any CPU
		{27AE88C3-F844-47AD-9D70-8312884579AE}.ServiceRelease|Any CPU.ActiveCfg = Release|Any CPU
		{27AE88C3-F844-47AD-9D70-8312884579AE}.WebRequesterRelease|Any CPU.ActiveCfg = Release|Any CPU
		{2A856007-FFAB-4D1D-B8D5-510451BF8B79}.Debug|Any CPU.ActiveCfg = Debug|Any CPU
		{2A856007-FFAB-4D1D-B8D5-510451BF8B79}.Debug|Any CPU.Build.0 = Debug|Any CPU
		{2A856007-FFAB-4D1D-B8D5-510451BF8B79}.LmsUserUpdaterRelease|Any CPU.ActiveCfg = Release|Any CPU
		{2A856007-FFAB-4D1D-B8D5-510451BF8B79}.LmsUserUpdaterRelease|Any CPU.Build.0 = Release|Any CPU
		{2A856007-FFAB-4D1D-B8D5-510451BF8B79}.Mp4Release|Any CPU.ActiveCfg = Release|Any CPU
		{2A856007-FFAB-4D1D-B8D5-510451BF8B79}.Mp4Release|Any CPU.Build.0 = Release|Any CPU
		{2A856007-FFAB-4D1D-B8D5-510451BF8B79}.MyContentRelease|Any CPU.ActiveCfg = Release|Any CPU
		{2A856007-FFAB-4D1D-B8D5-510451BF8B79}.MyContentRelease|Any CPU.Build.0 = Release|Any CPU
		{2A856007-FFAB-4D1D-B8D5-510451BF8B79}.PublicApiRelease|Any CPU.ActiveCfg = Release|Any CPU
		{2A856007-FFAB-4D1D-B8D5-510451BF8B79}.PublicApiRelease|Any CPU.Build.0 = Release|Any CPU
		{2A856007-FFAB-4D1D-B8D5-510451BF8B79}.Release|Any CPU.ActiveCfg = Release|Any CPU
		{2A856007-FFAB-4D1D-B8D5-510451BF8B79}.Release|Any CPU.Build.0 = Release|Any CPU
		{2A856007-FFAB-4D1D-B8D5-510451BF8B79}.RootRelease|Any CPU.ActiveCfg = Release|Any CPU
		{2A856007-FFAB-4D1D-B8D5-510451BF8B79}.RootRelease|Any CPU.Build.0 = Release|Any CPU
		{2A856007-FFAB-4D1D-B8D5-510451BF8B79}.ServiceRelease|Any CPU.ActiveCfg = Release|Any CPU
		{2A856007-FFAB-4D1D-B8D5-510451BF8B79}.ServiceRelease|Any CPU.Build.0 = Release|Any CPU
		{2A856007-FFAB-4D1D-B8D5-510451BF8B79}.WebRequesterRelease|Any CPU.ActiveCfg = Release|Any CPU
		{2C718C51-FA6E-47DF-8260-E1F085B3BC48}.Debug|Any CPU.ActiveCfg = Debug|Any CPU
		{2C718C51-FA6E-47DF-8260-E1F085B3BC48}.Debug|Any CPU.Build.0 = Debug|Any CPU
		{2C718C51-FA6E-47DF-8260-E1F085B3BC48}.LmsUserUpdaterRelease|Any CPU.ActiveCfg = Release|Any CPU
		{2C718C51-FA6E-47DF-8260-E1F085B3BC48}.LmsUserUpdaterRelease|Any CPU.Build.0 = Release|Any CPU
		{2C718C51-FA6E-47DF-8260-E1F085B3BC48}.Mp4Release|Any CPU.ActiveCfg = Release|Any CPU
		{2C718C51-FA6E-47DF-8260-E1F085B3BC48}.Mp4Release|Any CPU.Build.0 = Release|Any CPU
		{2C718C51-FA6E-47DF-8260-E1F085B3BC48}.MyContentRelease|Any CPU.ActiveCfg = Release|Any CPU
		{2C718C51-FA6E-47DF-8260-E1F085B3BC48}.MyContentRelease|Any CPU.Build.0 = Release|Any CPU
		{2C718C51-FA6E-47DF-8260-E1F085B3BC48}.PublicApiRelease|Any CPU.ActiveCfg = Release|Any CPU
		{2C718C51-FA6E-47DF-8260-E1F085B3BC48}.PublicApiRelease|Any CPU.Build.0 = Release|Any CPU
		{2C718C51-FA6E-47DF-8260-E1F085B3BC48}.Release|Any CPU.ActiveCfg = Release|Any CPU
		{2C718C51-FA6E-47DF-8260-E1F085B3BC48}.Release|Any CPU.Build.0 = Release|Any CPU
		{2C718C51-FA6E-47DF-8260-E1F085B3BC48}.RootRelease|Any CPU.ActiveCfg = Release|Any CPU
		{2C718C51-FA6E-47DF-8260-E1F085B3BC48}.RootRelease|Any CPU.Build.0 = Release|Any CPU
		{2C718C51-FA6E-47DF-8260-E1F085B3BC48}.ServiceRelease|Any CPU.ActiveCfg = Release|Any CPU
		{2C718C51-FA6E-47DF-8260-E1F085B3BC48}.ServiceRelease|Any CPU.Build.0 = Release|Any CPU
		{2C718C51-FA6E-47DF-8260-E1F085B3BC48}.WebRequesterRelease|Any CPU.ActiveCfg = Release|Any CPU
		{2B6A42CB-92AF-4D07-9668-5DEDF3417C1D}.Debug|Any CPU.ActiveCfg = Debug|Any CPU
		{2B6A42CB-92AF-4D07-9668-5DEDF3417C1D}.Debug|Any CPU.Build.0 = Debug|Any CPU
		{2B6A42CB-92AF-4D07-9668-5DEDF3417C1D}.Debug|Any CPU.Deploy.0 = Debug|Any CPU
		{2B6A42CB-92AF-4D07-9668-5DEDF3417C1D}.LmsUserUpdaterRelease|Any CPU.ActiveCfg = Release|Any CPU
		{2B6A42CB-92AF-4D07-9668-5DEDF3417C1D}.Mp4Release|Any CPU.ActiveCfg = Release|Any CPU
		{2B6A42CB-92AF-4D07-9668-5DEDF3417C1D}.MyContentRelease|Any CPU.ActiveCfg = Release|Any CPU
		{2B6A42CB-92AF-4D07-9668-5DEDF3417C1D}.PublicApiRelease|Any CPU.ActiveCfg = Release|Any CPU
		{2B6A42CB-92AF-4D07-9668-5DEDF3417C1D}.Release|Any CPU.ActiveCfg = Release|Any CPU
		{2B6A42CB-92AF-4D07-9668-5DEDF3417C1D}.Release|Any CPU.Build.0 = Release|Any CPU
		{2B6A42CB-92AF-4D07-9668-5DEDF3417C1D}.Release|Any CPU.Deploy.0 = Release|Any CPU
		{2B6A42CB-92AF-4D07-9668-5DEDF3417C1D}.RootRelease|Any CPU.ActiveCfg = Release|Any CPU
		{2B6A42CB-92AF-4D07-9668-5DEDF3417C1D}.ServiceRelease|Any CPU.ActiveCfg = Release|Any CPU
		{2B6A42CB-92AF-4D07-9668-5DEDF3417C1D}.WebRequesterRelease|Any CPU.ActiveCfg = Release|Any CPU
		{393B9E83-8496-4CA2-A245-AC140F7A2CC6}.Debug|Any CPU.ActiveCfg = Debug|Any CPU
		{393B9E83-8496-4CA2-A245-AC140F7A2CC6}.Debug|Any CPU.Build.0 = Debug|Any CPU
		{393B9E83-8496-4CA2-A245-AC140F7A2CC6}.LmsUserUpdaterRelease|Any CPU.ActiveCfg = Release|Any CPU
		{393B9E83-8496-4CA2-A245-AC140F7A2CC6}.Mp4Release|Any CPU.ActiveCfg = Release|Any CPU
		{393B9E83-8496-4CA2-A245-AC140F7A2CC6}.Mp4Release|Any CPU.Build.0 = Release|Any CPU
		{393B9E83-8496-4CA2-A245-AC140F7A2CC6}.MyContentRelease|Any CPU.ActiveCfg = Release|Any CPU
		{393B9E83-8496-4CA2-A245-AC140F7A2CC6}.PublicApiRelease|Any CPU.ActiveCfg = Release|Any CPU
		{393B9E83-8496-4CA2-A245-AC140F7A2CC6}.Release|Any CPU.ActiveCfg = Release|Any CPU
		{393B9E83-8496-4CA2-A245-AC140F7A2CC6}.Release|Any CPU.Build.0 = Release|Any CPU
		{393B9E83-8496-4CA2-A245-AC140F7A2CC6}.RootRelease|Any CPU.ActiveCfg = Release|Any CPU
		{393B9E83-8496-4CA2-A245-AC140F7A2CC6}.ServiceRelease|Any CPU.ActiveCfg = Release|Any CPU
		{393B9E83-8496-4CA2-A245-AC140F7A2CC6}.WebRequesterRelease|Any CPU.ActiveCfg = Release|Any CPU
		{D1C9FBB4-1F27-4BDB-846C-C3FF86441D76}.Debug|Any CPU.ActiveCfg = Debug|Any CPU
		{D1C9FBB4-1F27-4BDB-846C-C3FF86441D76}.Debug|Any CPU.Build.0 = Debug|Any CPU
		{D1C9FBB4-1F27-4BDB-846C-C3FF86441D76}.LmsUserUpdaterRelease|Any CPU.ActiveCfg = Release|Any CPU
		{D1C9FBB4-1F27-4BDB-846C-C3FF86441D76}.LmsUserUpdaterRelease|Any CPU.Build.0 = Release|Any CPU
		{D1C9FBB4-1F27-4BDB-846C-C3FF86441D76}.Mp4Release|Any CPU.ActiveCfg = Release|Any CPU
		{D1C9FBB4-1F27-4BDB-846C-C3FF86441D76}.Mp4Release|Any CPU.Build.0 = Release|Any CPU
		{D1C9FBB4-1F27-4BDB-846C-C3FF86441D76}.MyContentRelease|Any CPU.ActiveCfg = Release|Any CPU
		{D1C9FBB4-1F27-4BDB-846C-C3FF86441D76}.MyContentRelease|Any CPU.Build.0 = Release|Any CPU
		{D1C9FBB4-1F27-4BDB-846C-C3FF86441D76}.PublicApiRelease|Any CPU.ActiveCfg = Release|Any CPU
		{D1C9FBB4-1F27-4BDB-846C-C3FF86441D76}.PublicApiRelease|Any CPU.Build.0 = Release|Any CPU
		{D1C9FBB4-1F27-4BDB-846C-C3FF86441D76}.Release|Any CPU.ActiveCfg = Release|Any CPU
		{D1C9FBB4-1F27-4BDB-846C-C3FF86441D76}.Release|Any CPU.Build.0 = Release|Any CPU
		{D1C9FBB4-1F27-4BDB-846C-C3FF86441D76}.RootRelease|Any CPU.ActiveCfg = Release|Any CPU
		{D1C9FBB4-1F27-4BDB-846C-C3FF86441D76}.RootRelease|Any CPU.Build.0 = Release|Any CPU
		{D1C9FBB4-1F27-4BDB-846C-C3FF86441D76}.ServiceRelease|Any CPU.ActiveCfg = Release|Any CPU
		{D1C9FBB4-1F27-4BDB-846C-C3FF86441D76}.ServiceRelease|Any CPU.Build.0 = Release|Any CPU
		{D1C9FBB4-1F27-4BDB-846C-C3FF86441D76}.WebRequesterRelease|Any CPU.ActiveCfg = Release|Any CPU
		{0E8BD124-A63C-4F57-86AE-58B97CFA3752}.Debug|Any CPU.ActiveCfg = Debug|Any CPU
		{0E8BD124-A63C-4F57-86AE-58B97CFA3752}.Debug|Any CPU.Build.0 = Debug|Any CPU
		{0E8BD124-A63C-4F57-86AE-58B97CFA3752}.LmsUserUpdaterRelease|Any CPU.ActiveCfg = Release|Any CPU
		{0E8BD124-A63C-4F57-86AE-58B97CFA3752}.LmsUserUpdaterRelease|Any CPU.Build.0 = Release|Any CPU
		{0E8BD124-A63C-4F57-86AE-58B97CFA3752}.Mp4Release|Any CPU.ActiveCfg = Release|Any CPU
		{0E8BD124-A63C-4F57-86AE-58B97CFA3752}.Mp4Release|Any CPU.Build.0 = Release|Any CPU
		{0E8BD124-A63C-4F57-86AE-58B97CFA3752}.MyContentRelease|Any CPU.ActiveCfg = Release|Any CPU
		{0E8BD124-A63C-4F57-86AE-58B97CFA3752}.MyContentRelease|Any CPU.Build.0 = Release|Any CPU
		{0E8BD124-A63C-4F57-86AE-58B97CFA3752}.PublicApiRelease|Any CPU.ActiveCfg = Release|Any CPU
		{0E8BD124-A63C-4F57-86AE-58B97CFA3752}.Release|Any CPU.ActiveCfg = Release|Any CPU
		{0E8BD124-A63C-4F57-86AE-58B97CFA3752}.Release|Any CPU.Build.0 = Release|Any CPU
		{0E8BD124-A63C-4F57-86AE-58B97CFA3752}.RootRelease|Any CPU.ActiveCfg = Release|Any CPU
		{0E8BD124-A63C-4F57-86AE-58B97CFA3752}.ServiceRelease|Any CPU.ActiveCfg = Release|Any CPU
		{0E8BD124-A63C-4F57-86AE-58B97CFA3752}.WebRequesterRelease|Any CPU.ActiveCfg = Release|Any CPU
		{F36FD586-01F6-49E5-9CA9-30118F3A2CE6}.Debug|Any CPU.ActiveCfg = Debug|Any CPU
		{F36FD586-01F6-49E5-9CA9-30118F3A2CE6}.Debug|Any CPU.Build.0 = Debug|Any CPU
		{F36FD586-01F6-49E5-9CA9-30118F3A2CE6}.LmsUserUpdaterRelease|Any CPU.ActiveCfg = Release|Any CPU
		{F36FD586-01F6-49E5-9CA9-30118F3A2CE6}.Mp4Release|Any CPU.ActiveCfg = Release|Any CPU
		{F36FD586-01F6-49E5-9CA9-30118F3A2CE6}.MyContentRelease|Any CPU.ActiveCfg = Release|Any CPU
		{F36FD586-01F6-49E5-9CA9-30118F3A2CE6}.MyContentRelease|Any CPU.Build.0 = Release|Any CPU
		{F36FD586-01F6-49E5-9CA9-30118F3A2CE6}.PublicApiRelease|Any CPU.ActiveCfg = Release|Any CPU
		{F36FD586-01F6-49E5-9CA9-30118F3A2CE6}.PublicApiRelease|Any CPU.Build.0 = Release|Any CPU
		{F36FD586-01F6-49E5-9CA9-30118F3A2CE6}.Release|Any CPU.ActiveCfg = Release|Any CPU
		{F36FD586-01F6-49E5-9CA9-30118F3A2CE6}.Release|Any CPU.Build.0 = Release|Any CPU
		{F36FD586-01F6-49E5-9CA9-30118F3A2CE6}.RootRelease|Any CPU.ActiveCfg = Release|Any CPU
		{F36FD586-01F6-49E5-9CA9-30118F3A2CE6}.ServiceRelease|Any CPU.ActiveCfg = Release|Any CPU
		{F36FD586-01F6-49E5-9CA9-30118F3A2CE6}.WebRequesterRelease|Any CPU.ActiveCfg = Release|Any CPU
		{0DDBBDBC-1479-4592-9E0A-EE25B5AC947B}.Debug|Any CPU.ActiveCfg = Debug|Any CPU
		{0DDBBDBC-1479-4592-9E0A-EE25B5AC947B}.Debug|Any CPU.Build.0 = Debug|Any CPU
		{0DDBBDBC-1479-4592-9E0A-EE25B5AC947B}.LmsUserUpdaterRelease|Any CPU.ActiveCfg = Release|Any CPU
		{0DDBBDBC-1479-4592-9E0A-EE25B5AC947B}.Mp4Release|Any CPU.ActiveCfg = Release|Any CPU
		{0DDBBDBC-1479-4592-9E0A-EE25B5AC947B}.MyContentRelease|Any CPU.ActiveCfg = Release|Any CPU
		{0DDBBDBC-1479-4592-9E0A-EE25B5AC947B}.PublicApiRelease|Any CPU.ActiveCfg = Release|Any CPU
		{0DDBBDBC-1479-4592-9E0A-EE25B5AC947B}.PublicApiRelease|Any CPU.Build.0 = Release|Any CPU
		{0DDBBDBC-1479-4592-9E0A-EE25B5AC947B}.Release|Any CPU.ActiveCfg = Release|Any CPU
		{0DDBBDBC-1479-4592-9E0A-EE25B5AC947B}.Release|Any CPU.Build.0 = Release|Any CPU
		{0DDBBDBC-1479-4592-9E0A-EE25B5AC947B}.RootRelease|Any CPU.ActiveCfg = Release|Any CPU
		{0DDBBDBC-1479-4592-9E0A-EE25B5AC947B}.ServiceRelease|Any CPU.ActiveCfg = Release|Any CPU
		{0DDBBDBC-1479-4592-9E0A-EE25B5AC947B}.ServiceRelease|Any CPU.Build.0 = Release|Any CPU
		{0DDBBDBC-1479-4592-9E0A-EE25B5AC947B}.WebRequesterRelease|Any CPU.ActiveCfg = Release|Any CPU
		{2BEAD8E8-156F-43CA-9DC2-F853A7F637E8}.Debug|Any CPU.ActiveCfg = Debug|Any CPU
		{2BEAD8E8-156F-43CA-9DC2-F853A7F637E8}.Debug|Any CPU.Build.0 = Debug|Any CPU
		{2BEAD8E8-156F-43CA-9DC2-F853A7F637E8}.LmsUserUpdaterRelease|Any CPU.ActiveCfg = Release|Any CPU
		{2BEAD8E8-156F-43CA-9DC2-F853A7F637E8}.Mp4Release|Any CPU.ActiveCfg = Release|Any CPU
		{2BEAD8E8-156F-43CA-9DC2-F853A7F637E8}.MyContentRelease|Any CPU.ActiveCfg = Release|Any CPU
		{2BEAD8E8-156F-43CA-9DC2-F853A7F637E8}.PublicApiRelease|Any CPU.ActiveCfg = Release|Any CPU
		{2BEAD8E8-156F-43CA-9DC2-F853A7F637E8}.Release|Any CPU.ActiveCfg = Release|Any CPU
		{2BEAD8E8-156F-43CA-9DC2-F853A7F637E8}.Release|Any CPU.Build.0 = Release|Any CPU
		{2BEAD8E8-156F-43CA-9DC2-F853A7F637E8}.RootRelease|Any CPU.ActiveCfg = Release|Any CPU
		{2BEAD8E8-156F-43CA-9DC2-F853A7F637E8}.ServiceRelease|Any CPU.ActiveCfg = Release|Any CPU
		{2BEAD8E8-156F-43CA-9DC2-F853A7F637E8}.WebRequesterRelease|Any CPU.ActiveCfg = Release|Any CPU
	EndGlobalSection
	GlobalSection(SolutionProperties) = preSolution
		HideSolutionNode = FALSE
	EndGlobalSection
	GlobalSection(NestedProjects) = preSolution
		{D1C6AF7C-0560-4C09-8650-1A07BBCF92EB} = {262066CC-6518-4C8E-9D9A-7BFECED2E5F6}
		{4AE3721C-5DE1-4E4C-B6BE-2809E32A8F12} = {262066CC-6518-4C8E-9D9A-7BFECED2E5F6}
	EndGlobalSection
EndGlobal
