
Microsoft Visual Studio Solution File, Format Version 12.00
# Visual Studio 15
VisualStudioVersion = 15.0.26403.3
MinimumVisualStudioVersion = 10.0.40219.1
Project("{FAE04EC0-301F-11D3-BF4B-00C04F79EFBC}") = "EdugameCloud.WCFService", "EdugameCloud.WCFService\EdugameCloud.WCFService.csproj", "{1758C513-FDF1-47FA-842F-9C332DA85C17}"
EndProject
Project("{FAE04EC0-301F-11D3-BF4B-00C04F79EFBC}") = "EdugameCloud.MVC", "EdugameCloud.MVC\EdugameCloud.MVC.csproj", "{A17D2033-4439-4418-8224-96A408B548DB}"
EndProject
Project("{FAE04EC0-301F-11D3-BF4B-00C04F79EFBC}") = "EdugameCloud.Lti.WebRequester", "EdugameCloud.Lti.WebRequester\EdugameCloud.Lti.WebRequester.csproj", "{D1C6AF7C-0560-4C09-8650-1A07BBCF92EB}"
EndProject
Project("{2150E333-8FDC-42A3-9474-1A3956D46DE8}") = "ConsoleTask", "ConsoleTask", "{262066CC-6518-4C8E-9D9A-7BFECED2E5F6}"
EndProject
Project("{FAE04EC0-301F-11D3-BF4B-00C04F79EFBC}") = "EdugameCloud.Lti.LmsUserUpdater", "EdugameCloud.Lti.LmsUserUpdater\EdugameCloud.Lti.LmsUserUpdater.csproj", "{4AE3721C-5DE1-4E4C-B6BE-2809E32A8F12}"
EndProject
Project("{2150E333-8FDC-42A3-9474-1A3956D46DE8}") = ".nuget", ".nuget", "{55BBA09A-A844-4A7B-BB8E-38860E00BAEF}"
	ProjectSection(SolutionItems) = preProject
		.nuget\NuGet.Config = .nuget\NuGet.Config
		.nuget\NuGet.exe = .nuget\NuGet.exe
		.nuget\NuGet.targets = .nuget\NuGet.targets
	EndProjectSection
EndProject
Project("{FAE04EC0-301F-11D3-BF4B-00C04F79EFBC}") = "EdugameCloud.PublicApi", "EdugameCloud.PublicApi\EdugameCloud.PublicApi.csproj", "{4D411912-AC32-4C34-B44B-5A75B2A76CE4}"
EndProject
Project("{FAE04EC0-301F-11D3-BF4B-00C04F79EFBC}") = "EdugameCloud.PublicApi.Host", "EdugameCloud.PublicApi.Host\EdugameCloud.PublicApi.Host.csproj", "{27AE88C3-F844-47AD-9D70-8312884579AE}"
EndProject
Project("{00D1A9C2-B5F0-4AF3-8072-F6C62B433612}") = "EdugameCloud.DB", "EdugameCloud.DB\EdugameCloud.DB.sqlproj", "{2B6A42CB-92AF-4D07-9668-5DEDF3417C1D}"
EndProject
Project("{FAE04EC0-301F-11D3-BF4B-00C04F79EFBC}") = "EdugameCloud.Lti.Host", "EdugameCloud.Lti.Host\EdugameCloud.Lti.Host.csproj", "{0DDBBDBC-1479-4592-9E0A-EE25B5AC947B}"
EndProject
Project("{FAE04EC0-301F-11D3-BF4B-00C04F79EFBC}") = "EdugameCloud.SocialStream.Host", "EdugameCloud.SocialStream.Host\EdugameCloud.SocialStream.Host.csproj", "{2BEAD8E8-156F-43CA-9DC2-F853A7F637E8}"
EndProject
Project("{FAE04EC0-301F-11D3-BF4B-00C04F79EFBC}") = "EdugameCloud.Lti.Tests", "EdugameCloud.Lti.Tests\EdugameCloud.Lti.Tests.csproj", "{2C3F36AB-F82B-41A0-8C98-336FD249BBDA}"
EndProject
Project("{2150E333-8FDC-42A3-9474-1A3956D46DE8}") = "Tests", "Tests", "{E106AB37-3EBA-4EE4-807B-7C02C910DC96}"
EndProject
Project("{FAE04EC0-301F-11D3-BF4B-00C04F79EFBC}") = "EdugameCloud.Lti.Api", "EdugameCloud.Lti.Api\EdugameCloud.Lti.Api.csproj", "{44B33793-53C6-48C2-832E-BC212252CCDB}"
EndProject
Project("{9A19103F-16F7-4668-BE54-9A1E7A4F7556}") = "EdugameCloud.Lti.Api.Host", "EdugameCloud.Lti.Api.Host\EdugameCloud.Lti.Api.Host.csproj", "{D81BD94D-E5C6-4AF0-B1F9-F69B849C3833}"
EndProject
Project("{FAE04EC0-301F-11D3-BF4B-00C04F79EFBC}") = "Esynctraining.AspNetCore", "Esynctraining.AspNetCore\Esynctraining.AspNetCore.csproj", "{1FF563F3-BD8C-451B-8394-C9B849F9E6DC}"
EndProject
Project("{FAE04EC0-301F-11D3-BF4B-00C04F79EFBC}") = "EdugameCloud.Lti.Mp4.Host", "EdugameCloud.Lti.Mp4.Host\EdugameCloud.Lti.Mp4.Host.csproj", "{EA7B7E52-D30F-42B4-AF52-91E615AF5474}"
EndProject
Project("{FAE04EC0-301F-11D3-BF4B-00C04F79EFBC}") = "EdugameCloud.Core", "EdugameCloud.Core\EdugameCloud.Core.csproj", "{0356A403-7B15-4A68-9C81-7B6BFF6956CF}"
EndProject
Project("{FAE04EC0-301F-11D3-BF4B-00C04F79EFBC}") = "EdugameCloud.Lti.Core", "EdugameCloud.Lti.Core\EdugameCloud.Lti.Core.csproj", "{6B3DC960-C953-4783-927C-40E438746AC5}"
EndProject
Project("{FAE04EC0-301F-11D3-BF4B-00C04F79EFBC}") = "EdugameCloud.Lti", "EdugameCloud.Lti\EdugameCloud.Lti.csproj", "{B45A1C76-37BD-45BA-95B5-21BEFD17B3E5}"
EndProject
Project("{FAE04EC0-301F-11D3-BF4B-00C04F79EFBC}") = "EdugameCloud.Lti.BlackBoard", "EdugameCloud.Lti.BlackBoard\EdugameCloud.Lti.BlackBoard.csproj", "{410B1611-24EE-4887-8218-31FCBCE1BE02}"
EndProject
Project("{FAE04EC0-301F-11D3-BF4B-00C04F79EFBC}") = "EdugameCloud.Lti.BrainHoney", "EdugameCloud.Lti.BrainHoney\EdugameCloud.Lti.BrainHoney.csproj", "{2A9704FF-ED00-4B8D-B4A9-F60F837F6F55}"
EndProject
Project("{FAE04EC0-301F-11D3-BF4B-00C04F79EFBC}") = "EdugameCloud.Lti.Canvas", "EdugameCloud.Lti.Canvas\EdugameCloud.Lti.Canvas.csproj", "{9CBD846D-100C-4084-B71D-73C40192EF21}"
EndProject
Project("{FAE04EC0-301F-11D3-BF4B-00C04F79EFBC}") = "EdugameCloud.Lti.Moodle", "EdugameCloud.Lti.Moodle\EdugameCloud.Lti.Moodle.csproj", "{8BDE322E-1592-4C41-AC4A-B9A644175F04}"
EndProject
Project("{FAE04EC0-301F-11D3-BF4B-00C04F79EFBC}") = "EdugameCloud.Lti.Sakai", "EdugameCloud.Lti.Sakai\EdugameCloud.Lti.Sakai.csproj", "{1535300B-D67D-41F1-9D1F-EBCC5AC32B75}"
EndProject
Project("{FAE04EC0-301F-11D3-BF4B-00C04F79EFBC}") = "EdugameCloud.Lti.Desire2Learn", "EdugameCloud.Lti.Desire2Learn\EdugameCloud.Lti.Desire2Learn.csproj", "{1D04423B-12E2-41E5-BCE6-A5AA99091110}"
EndProject
Project("{FAE04EC0-301F-11D3-BF4B-00C04F79EFBC}") = "EdugameCloud.Lti.Telephony", "EdugameCloud.Lti.Telephony\EdugameCloud.Lti.Telephony.csproj", "{7EAE3C00-E91C-4B97-95E7-04E3D7A78FB6}"
EndProject
Project("{FAE04EC0-301F-11D3-BF4B-00C04F79EFBC}") = "EdugameCloud.Core.Logging", "EdugameCloud.Core.Logging\EdugameCloud.Core.Logging.csproj", "{1223FC00-6D40-4356-9744-36474EB76917}"
EndProject
Project("{FAE04EC0-301F-11D3-BF4B-00C04F79EFBC}") = "EdugameCloud.Lti.Persistence", "EdugameCloud.Lti.Persistence\EdugameCloud.Lti.Persistence.csproj", "{E9BD4EB8-1136-480C-A07D-4E7FA6FFA6C4}"
EndProject
Project("{FAE04EC0-301F-11D3-BF4B-00C04F79EFBC}") = "EdugameCloud.Persistence", "EdugameCloud.Persistence\EdugameCloud.Persistence.csproj", "{18D11468-DDA0-494C-870B-E261EE31CC25}"
EndProject
Project("{FAE04EC0-301F-11D3-BF4B-00C04F79EFBC}") = "EdugameCloud.Web", "EdugameCloud.Web\EdugameCloud.Web.csproj", "{A96BC47C-CF87-42E2-816C-28FF2FC3C6B1}"
EndProject
Project("{9A19103F-16F7-4668-BE54-9A1E7A4F7556}") = "EdugameCloud.ACEvents.Web", "EdugameCloud.ACEvents.Web\EdugameCloud.ACEvents.Web.csproj", "{7DADF90A-DA89-48A5-A266-EE9A9A43D8CD}"
EndProject
Project("{9A19103F-16F7-4668-BE54-9A1E7A4F7556}") = "EdugameCloud.Certificates", "EdugameCloud.Certificates\EdugameCloud.Certificates.csproj", "{4323CA31-A7B4-4EEF-97C5-F731F20FBFDE}"
EndProject
Project("{FAE04EC0-301F-11D3-BF4B-00C04F79EFBC}") = "EdugameCloud.Lti.GetHashCodeTrick", "EdugameCloud.Lti.GetHashCodeTrick\EdugameCloud.Lti.GetHashCodeTrick.csproj", "{D0E5A5AE-9C5E-4C32-B0B5-485BF1C0A3AD}"
EndProject
Global
	GlobalSection(SolutionConfigurationPlatforms) = preSolution
		Debug|Any CPU = Debug|Any CPU
		LmsUserUpdaterRelease|Any CPU = LmsUserUpdaterRelease|Any CPU
		Mp4Release|Any CPU = Mp4Release|Any CPU
		MyContentRelease|Any CPU = MyContentRelease|Any CPU
		PublicApiRelease|Any CPU = PublicApiRelease|Any CPU
		Release|Any CPU = Release|Any CPU
		RootRelease|Any CPU = RootRelease|Any CPU
		ServiceRelease|Any CPU = ServiceRelease|Any CPU
		WebRequesterRelease|Any CPU = WebRequesterRelease|Any CPU
	EndGlobalSection
	GlobalSection(ProjectConfigurationPlatforms) = postSolution
		{1758C513-FDF1-47FA-842F-9C332DA85C17}.Debug|Any CPU.ActiveCfg = Debug|Any CPU
		{1758C513-FDF1-47FA-842F-9C332DA85C17}.Debug|Any CPU.Build.0 = Debug|Any CPU
		{1758C513-FDF1-47FA-842F-9C332DA85C17}.LmsUserUpdaterRelease|Any CPU.ActiveCfg = Release|Any CPU
		{1758C513-FDF1-47FA-842F-9C332DA85C17}.Mp4Release|Any CPU.ActiveCfg = Release|Any CPU
		{1758C513-FDF1-47FA-842F-9C332DA85C17}.MyContentRelease|Any CPU.ActiveCfg = Release|Any CPU
		{1758C513-FDF1-47FA-842F-9C332DA85C17}.PublicApiRelease|Any CPU.ActiveCfg = Release|Any CPU
		{1758C513-FDF1-47FA-842F-9C332DA85C17}.Release|Any CPU.ActiveCfg = Release|Any CPU
		{1758C513-FDF1-47FA-842F-9C332DA85C17}.Release|Any CPU.Build.0 = Release|Any CPU
		{1758C513-FDF1-47FA-842F-9C332DA85C17}.RootRelease|Any CPU.ActiveCfg = Release|Any CPU
		{1758C513-FDF1-47FA-842F-9C332DA85C17}.ServiceRelease|Any CPU.ActiveCfg = Release|Any CPU
		{1758C513-FDF1-47FA-842F-9C332DA85C17}.ServiceRelease|Any CPU.Build.0 = Release|Any CPU
		{1758C513-FDF1-47FA-842F-9C332DA85C17}.WebRequesterRelease|Any CPU.ActiveCfg = Release|Any CPU
		{A17D2033-4439-4418-8224-96A408B548DB}.Debug|Any CPU.ActiveCfg = Debug|Any CPU
		{A17D2033-4439-4418-8224-96A408B548DB}.Debug|Any CPU.Build.0 = Debug|Any CPU
		{A17D2033-4439-4418-8224-96A408B548DB}.LmsUserUpdaterRelease|Any CPU.ActiveCfg = Release|Any CPU
		{A17D2033-4439-4418-8224-96A408B548DB}.Mp4Release|Any CPU.ActiveCfg = Release|Any CPU
		{A17D2033-4439-4418-8224-96A408B548DB}.Mp4Release|Any CPU.Build.0 = Release|Any CPU
		{A17D2033-4439-4418-8224-96A408B548DB}.MyContentRelease|Any CPU.ActiveCfg = Release|Any CPU
		{A17D2033-4439-4418-8224-96A408B548DB}.PublicApiRelease|Any CPU.ActiveCfg = Release|Any CPU
		{A17D2033-4439-4418-8224-96A408B548DB}.Release|Any CPU.ActiveCfg = Release|Any CPU
		{A17D2033-4439-4418-8224-96A408B548DB}.Release|Any CPU.Build.0 = Release|Any CPU
		{A17D2033-4439-4418-8224-96A408B548DB}.RootRelease|Any CPU.ActiveCfg = Release|Any CPU
		{A17D2033-4439-4418-8224-96A408B548DB}.RootRelease|Any CPU.Build.0 = Release|Any CPU
		{A17D2033-4439-4418-8224-96A408B548DB}.ServiceRelease|Any CPU.ActiveCfg = Release|Any CPU
		{A17D2033-4439-4418-8224-96A408B548DB}.WebRequesterRelease|Any CPU.ActiveCfg = Release|Any CPU
		{D1C6AF7C-0560-4C09-8650-1A07BBCF92EB}.Debug|Any CPU.ActiveCfg = Debug|Any CPU
		{D1C6AF7C-0560-4C09-8650-1A07BBCF92EB}.Debug|Any CPU.Build.0 = Debug|Any CPU
		{D1C6AF7C-0560-4C09-8650-1A07BBCF92EB}.LmsUserUpdaterRelease|Any CPU.ActiveCfg = Release|Any CPU
		{D1C6AF7C-0560-4C09-8650-1A07BBCF92EB}.Mp4Release|Any CPU.ActiveCfg = Release|Any CPU
		{D1C6AF7C-0560-4C09-8650-1A07BBCF92EB}.MyContentRelease|Any CPU.ActiveCfg = Release|Any CPU
		{D1C6AF7C-0560-4C09-8650-1A07BBCF92EB}.PublicApiRelease|Any CPU.ActiveCfg = Release|Any CPU
		{D1C6AF7C-0560-4C09-8650-1A07BBCF92EB}.Release|Any CPU.ActiveCfg = Release|Any CPU
		{D1C6AF7C-0560-4C09-8650-1A07BBCF92EB}.Release|Any CPU.Build.0 = Release|Any CPU
		{D1C6AF7C-0560-4C09-8650-1A07BBCF92EB}.RootRelease|Any CPU.ActiveCfg = Release|Any CPU
		{D1C6AF7C-0560-4C09-8650-1A07BBCF92EB}.ServiceRelease|Any CPU.ActiveCfg = Release|Any CPU
		{D1C6AF7C-0560-4C09-8650-1A07BBCF92EB}.WebRequesterRelease|Any CPU.ActiveCfg = Release|Any CPU
		{D1C6AF7C-0560-4C09-8650-1A07BBCF92EB}.WebRequesterRelease|Any CPU.Build.0 = Release|Any CPU
		{4AE3721C-5DE1-4E4C-B6BE-2809E32A8F12}.Debug|Any CPU.ActiveCfg = Debug|Any CPU
		{4AE3721C-5DE1-4E4C-B6BE-2809E32A8F12}.Debug|Any CPU.Build.0 = Debug|Any CPU
		{4AE3721C-5DE1-4E4C-B6BE-2809E32A8F12}.LmsUserUpdaterRelease|Any CPU.ActiveCfg = Release|Any CPU
		{4AE3721C-5DE1-4E4C-B6BE-2809E32A8F12}.LmsUserUpdaterRelease|Any CPU.Build.0 = Release|Any CPU
		{4AE3721C-5DE1-4E4C-B6BE-2809E32A8F12}.Mp4Release|Any CPU.ActiveCfg = Release|Any CPU
		{4AE3721C-5DE1-4E4C-B6BE-2809E32A8F12}.MyContentRelease|Any CPU.ActiveCfg = Release|Any CPU
		{4AE3721C-5DE1-4E4C-B6BE-2809E32A8F12}.PublicApiRelease|Any CPU.ActiveCfg = Release|Any CPU
		{4AE3721C-5DE1-4E4C-B6BE-2809E32A8F12}.Release|Any CPU.ActiveCfg = Release|Any CPU
		{4AE3721C-5DE1-4E4C-B6BE-2809E32A8F12}.Release|Any CPU.Build.0 = Release|Any CPU
		{4AE3721C-5DE1-4E4C-B6BE-2809E32A8F12}.RootRelease|Any CPU.ActiveCfg = Release|Any CPU
		{4AE3721C-5DE1-4E4C-B6BE-2809E32A8F12}.ServiceRelease|Any CPU.ActiveCfg = Release|Any CPU
		{4AE3721C-5DE1-4E4C-B6BE-2809E32A8F12}.WebRequesterRelease|Any CPU.ActiveCfg = Release|Any CPU
		{4D411912-AC32-4C34-B44B-5A75B2A76CE4}.Debug|Any CPU.ActiveCfg = Debug|Any CPU
		{4D411912-AC32-4C34-B44B-5A75B2A76CE4}.Debug|Any CPU.Build.0 = Debug|Any CPU
		{4D411912-AC32-4C34-B44B-5A75B2A76CE4}.LmsUserUpdaterRelease|Any CPU.ActiveCfg = Release|Any CPU
		{4D411912-AC32-4C34-B44B-5A75B2A76CE4}.Mp4Release|Any CPU.ActiveCfg = Release|Any CPU
		{4D411912-AC32-4C34-B44B-5A75B2A76CE4}.MyContentRelease|Any CPU.ActiveCfg = Release|Any CPU
		{4D411912-AC32-4C34-B44B-5A75B2A76CE4}.PublicApiRelease|Any CPU.ActiveCfg = Release|Any CPU
		{4D411912-AC32-4C34-B44B-5A75B2A76CE4}.PublicApiRelease|Any CPU.Build.0 = Release|Any CPU
		{4D411912-AC32-4C34-B44B-5A75B2A76CE4}.Release|Any CPU.ActiveCfg = Release|Any CPU
		{4D411912-AC32-4C34-B44B-5A75B2A76CE4}.Release|Any CPU.Build.0 = Release|Any CPU
		{4D411912-AC32-4C34-B44B-5A75B2A76CE4}.RootRelease|Any CPU.ActiveCfg = Release|Any CPU
		{4D411912-AC32-4C34-B44B-5A75B2A76CE4}.ServiceRelease|Any CPU.ActiveCfg = Release|Any CPU
		{4D411912-AC32-4C34-B44B-5A75B2A76CE4}.WebRequesterRelease|Any CPU.ActiveCfg = Release|Any CPU
		{27AE88C3-F844-47AD-9D70-8312884579AE}.Debug|Any CPU.ActiveCfg = Debug|Any CPU
		{27AE88C3-F844-47AD-9D70-8312884579AE}.Debug|Any CPU.Build.0 = Debug|Any CPU
		{27AE88C3-F844-47AD-9D70-8312884579AE}.LmsUserUpdaterRelease|Any CPU.ActiveCfg = Release|Any CPU
		{27AE88C3-F844-47AD-9D70-8312884579AE}.Mp4Release|Any CPU.ActiveCfg = Release|Any CPU
		{27AE88C3-F844-47AD-9D70-8312884579AE}.MyContentRelease|Any CPU.ActiveCfg = Release|Any CPU
		{27AE88C3-F844-47AD-9D70-8312884579AE}.PublicApiRelease|Any CPU.ActiveCfg = Release|Any CPU
		{27AE88C3-F844-47AD-9D70-8312884579AE}.PublicApiRelease|Any CPU.Build.0 = Release|Any CPU
		{27AE88C3-F844-47AD-9D70-8312884579AE}.Release|Any CPU.ActiveCfg = Release|Any CPU
		{27AE88C3-F844-47AD-9D70-8312884579AE}.Release|Any CPU.Build.0 = Release|Any CPU
		{27AE88C3-F844-47AD-9D70-8312884579AE}.RootRelease|Any CPU.ActiveCfg = Release|Any CPU
		{27AE88C3-F844-47AD-9D70-8312884579AE}.ServiceRelease|Any CPU.ActiveCfg = Release|Any CPU
		{27AE88C3-F844-47AD-9D70-8312884579AE}.WebRequesterRelease|Any CPU.ActiveCfg = Release|Any CPU
		{2B6A42CB-92AF-4D07-9668-5DEDF3417C1D}.Debug|Any CPU.ActiveCfg = Debug|Any CPU
		{2B6A42CB-92AF-4D07-9668-5DEDF3417C1D}.Debug|Any CPU.Build.0 = Debug|Any CPU
		{2B6A42CB-92AF-4D07-9668-5DEDF3417C1D}.Debug|Any CPU.Deploy.0 = Debug|Any CPU
		{2B6A42CB-92AF-4D07-9668-5DEDF3417C1D}.LmsUserUpdaterRelease|Any CPU.ActiveCfg = Release|Any CPU
		{2B6A42CB-92AF-4D07-9668-5DEDF3417C1D}.Mp4Release|Any CPU.ActiveCfg = Release|Any CPU
		{2B6A42CB-92AF-4D07-9668-5DEDF3417C1D}.MyContentRelease|Any CPU.ActiveCfg = Release|Any CPU
		{2B6A42CB-92AF-4D07-9668-5DEDF3417C1D}.PublicApiRelease|Any CPU.ActiveCfg = Release|Any CPU
		{2B6A42CB-92AF-4D07-9668-5DEDF3417C1D}.Release|Any CPU.ActiveCfg = Release|Any CPU
		{2B6A42CB-92AF-4D07-9668-5DEDF3417C1D}.Release|Any CPU.Build.0 = Release|Any CPU
		{2B6A42CB-92AF-4D07-9668-5DEDF3417C1D}.Release|Any CPU.Deploy.0 = Release|Any CPU
		{2B6A42CB-92AF-4D07-9668-5DEDF3417C1D}.RootRelease|Any CPU.ActiveCfg = Release|Any CPU
		{2B6A42CB-92AF-4D07-9668-5DEDF3417C1D}.ServiceRelease|Any CPU.ActiveCfg = Release|Any CPU
		{2B6A42CB-92AF-4D07-9668-5DEDF3417C1D}.WebRequesterRelease|Any CPU.ActiveCfg = Release|Any CPU
		{0DDBBDBC-1479-4592-9E0A-EE25B5AC947B}.Debug|Any CPU.ActiveCfg = Debug|Any CPU
		{0DDBBDBC-1479-4592-9E0A-EE25B5AC947B}.Debug|Any CPU.Build.0 = Debug|Any CPU
		{0DDBBDBC-1479-4592-9E0A-EE25B5AC947B}.LmsUserUpdaterRelease|Any CPU.ActiveCfg = Release|Any CPU
		{0DDBBDBC-1479-4592-9E0A-EE25B5AC947B}.Mp4Release|Any CPU.ActiveCfg = Release|Any CPU
		{0DDBBDBC-1479-4592-9E0A-EE25B5AC947B}.MyContentRelease|Any CPU.ActiveCfg = Release|Any CPU
		{0DDBBDBC-1479-4592-9E0A-EE25B5AC947B}.PublicApiRelease|Any CPU.ActiveCfg = Release|Any CPU
		{0DDBBDBC-1479-4592-9E0A-EE25B5AC947B}.PublicApiRelease|Any CPU.Build.0 = Release|Any CPU
		{0DDBBDBC-1479-4592-9E0A-EE25B5AC947B}.Release|Any CPU.ActiveCfg = Release|Any CPU
		{0DDBBDBC-1479-4592-9E0A-EE25B5AC947B}.Release|Any CPU.Build.0 = Release|Any CPU
		{0DDBBDBC-1479-4592-9E0A-EE25B5AC947B}.RootRelease|Any CPU.ActiveCfg = Release|Any CPU
		{0DDBBDBC-1479-4592-9E0A-EE25B5AC947B}.ServiceRelease|Any CPU.ActiveCfg = Release|Any CPU
		{0DDBBDBC-1479-4592-9E0A-EE25B5AC947B}.ServiceRelease|Any CPU.Build.0 = Release|Any CPU
		{0DDBBDBC-1479-4592-9E0A-EE25B5AC947B}.WebRequesterRelease|Any CPU.ActiveCfg = Release|Any CPU
		{2BEAD8E8-156F-43CA-9DC2-F853A7F637E8}.Debug|Any CPU.ActiveCfg = Debug|Any CPU
		{2BEAD8E8-156F-43CA-9DC2-F853A7F637E8}.Debug|Any CPU.Build.0 = Debug|Any CPU
		{2BEAD8E8-156F-43CA-9DC2-F853A7F637E8}.LmsUserUpdaterRelease|Any CPU.ActiveCfg = Release|Any CPU
		{2BEAD8E8-156F-43CA-9DC2-F853A7F637E8}.Mp4Release|Any CPU.ActiveCfg = Release|Any CPU
		{2BEAD8E8-156F-43CA-9DC2-F853A7F637E8}.MyContentRelease|Any CPU.ActiveCfg = Release|Any CPU
		{2BEAD8E8-156F-43CA-9DC2-F853A7F637E8}.PublicApiRelease|Any CPU.ActiveCfg = Release|Any CPU
		{2BEAD8E8-156F-43CA-9DC2-F853A7F637E8}.Release|Any CPU.ActiveCfg = Release|Any CPU
		{2BEAD8E8-156F-43CA-9DC2-F853A7F637E8}.Release|Any CPU.Build.0 = Release|Any CPU
		{2BEAD8E8-156F-43CA-9DC2-F853A7F637E8}.RootRelease|Any CPU.ActiveCfg = Release|Any CPU
		{2BEAD8E8-156F-43CA-9DC2-F853A7F637E8}.ServiceRelease|Any CPU.ActiveCfg = Release|Any CPU
		{2BEAD8E8-156F-43CA-9DC2-F853A7F637E8}.WebRequesterRelease|Any CPU.ActiveCfg = Release|Any CPU
		{2C3F36AB-F82B-41A0-8C98-336FD249BBDA}.Debug|Any CPU.ActiveCfg = Debug|Any CPU
		{2C3F36AB-F82B-41A0-8C98-336FD249BBDA}.Debug|Any CPU.Build.0 = Debug|Any CPU
		{2C3F36AB-F82B-41A0-8C98-336FD249BBDA}.LmsUserUpdaterRelease|Any CPU.ActiveCfg = Release|Any CPU
		{2C3F36AB-F82B-41A0-8C98-336FD249BBDA}.Mp4Release|Any CPU.ActiveCfg = Release|Any CPU
		{2C3F36AB-F82B-41A0-8C98-336FD249BBDA}.MyContentRelease|Any CPU.ActiveCfg = Release|Any CPU
		{2C3F36AB-F82B-41A0-8C98-336FD249BBDA}.PublicApiRelease|Any CPU.ActiveCfg = Release|Any CPU
		{2C3F36AB-F82B-41A0-8C98-336FD249BBDA}.Release|Any CPU.ActiveCfg = Release|Any CPU
		{2C3F36AB-F82B-41A0-8C98-336FD249BBDA}.Release|Any CPU.Build.0 = Release|Any CPU
		{2C3F36AB-F82B-41A0-8C98-336FD249BBDA}.RootRelease|Any CPU.ActiveCfg = Release|Any CPU
		{2C3F36AB-F82B-41A0-8C98-336FD249BBDA}.ServiceRelease|Any CPU.ActiveCfg = Release|Any CPU
		{2C3F36AB-F82B-41A0-8C98-336FD249BBDA}.WebRequesterRelease|Any CPU.ActiveCfg = Release|Any CPU
		{44B33793-53C6-48C2-832E-BC212252CCDB}.Debug|Any CPU.ActiveCfg = Debug|Any CPU
		{44B33793-53C6-48C2-832E-BC212252CCDB}.Debug|Any CPU.Build.0 = Debug|Any CPU
		{44B33793-53C6-48C2-832E-BC212252CCDB}.LmsUserUpdaterRelease|Any CPU.ActiveCfg = Release|Any CPU
		{44B33793-53C6-48C2-832E-BC212252CCDB}.Mp4Release|Any CPU.ActiveCfg = Release|Any CPU
		{44B33793-53C6-48C2-832E-BC212252CCDB}.Mp4Release|Any CPU.Build.0 = Release|Any CPU
		{44B33793-53C6-48C2-832E-BC212252CCDB}.MyContentRelease|Any CPU.ActiveCfg = Release|Any CPU
		{44B33793-53C6-48C2-832E-BC212252CCDB}.MyContentRelease|Any CPU.Build.0 = Release|Any CPU
		{44B33793-53C6-48C2-832E-BC212252CCDB}.PublicApiRelease|Any CPU.ActiveCfg = Release|Any CPU
		{44B33793-53C6-48C2-832E-BC212252CCDB}.Release|Any CPU.ActiveCfg = Release|Any CPU
		{44B33793-53C6-48C2-832E-BC212252CCDB}.Release|Any CPU.Build.0 = Release|Any CPU
		{44B33793-53C6-48C2-832E-BC212252CCDB}.RootRelease|Any CPU.ActiveCfg = Release|Any CPU
		{44B33793-53C6-48C2-832E-BC212252CCDB}.ServiceRelease|Any CPU.ActiveCfg = Release|Any CPU
		{44B33793-53C6-48C2-832E-BC212252CCDB}.WebRequesterRelease|Any CPU.ActiveCfg = Release|Any CPU
		{D81BD94D-E5C6-4AF0-B1F9-F69B849C3833}.Debug|Any CPU.ActiveCfg = Debug|Any CPU
		{D81BD94D-E5C6-4AF0-B1F9-F69B849C3833}.Debug|Any CPU.Build.0 = Debug|Any CPU
		{D81BD94D-E5C6-4AF0-B1F9-F69B849C3833}.LmsUserUpdaterRelease|Any CPU.ActiveCfg = Release|Any CPU
		{D81BD94D-E5C6-4AF0-B1F9-F69B849C3833}.Mp4Release|Any CPU.ActiveCfg = Release|Any CPU
		{D81BD94D-E5C6-4AF0-B1F9-F69B849C3833}.MyContentRelease|Any CPU.ActiveCfg = Release|Any CPU
		{D81BD94D-E5C6-4AF0-B1F9-F69B849C3833}.MyContentRelease|Any CPU.Build.0 = Release|Any CPU
		{D81BD94D-E5C6-4AF0-B1F9-F69B849C3833}.PublicApiRelease|Any CPU.ActiveCfg = Release|Any CPU
		{D81BD94D-E5C6-4AF0-B1F9-F69B849C3833}.Release|Any CPU.ActiveCfg = Release|Any CPU
		{D81BD94D-E5C6-4AF0-B1F9-F69B849C3833}.Release|Any CPU.Build.0 = Release|Any CPU
		{D81BD94D-E5C6-4AF0-B1F9-F69B849C3833}.RootRelease|Any CPU.ActiveCfg = Release|Any CPU
		{D81BD94D-E5C6-4AF0-B1F9-F69B849C3833}.ServiceRelease|Any CPU.ActiveCfg = Release|Any CPU
		{D81BD94D-E5C6-4AF0-B1F9-F69B849C3833}.WebRequesterRelease|Any CPU.ActiveCfg = Release|Any CPU
		{1FF563F3-BD8C-451B-8394-C9B849F9E6DC}.Debug|Any CPU.ActiveCfg = Debug|Any CPU
		{1FF563F3-BD8C-451B-8394-C9B849F9E6DC}.Debug|Any CPU.Build.0 = Debug|Any CPU
		{1FF563F3-BD8C-451B-8394-C9B849F9E6DC}.LmsUserUpdaterRelease|Any CPU.ActiveCfg = Release|Any CPU
		{1FF563F3-BD8C-451B-8394-C9B849F9E6DC}.Mp4Release|Any CPU.ActiveCfg = Release|Any CPU
		{1FF563F3-BD8C-451B-8394-C9B849F9E6DC}.Mp4Release|Any CPU.Build.0 = Release|Any CPU
		{1FF563F3-BD8C-451B-8394-C9B849F9E6DC}.MyContentRelease|Any CPU.ActiveCfg = Release|Any CPU
		{1FF563F3-BD8C-451B-8394-C9B849F9E6DC}.PublicApiRelease|Any CPU.ActiveCfg = Release|Any CPU
		{1FF563F3-BD8C-451B-8394-C9B849F9E6DC}.Release|Any CPU.ActiveCfg = Release|Any CPU
		{1FF563F3-BD8C-451B-8394-C9B849F9E6DC}.Release|Any CPU.Build.0 = Release|Any CPU
		{1FF563F3-BD8C-451B-8394-C9B849F9E6DC}.RootRelease|Any CPU.ActiveCfg = Release|Any CPU
		{1FF563F3-BD8C-451B-8394-C9B849F9E6DC}.ServiceRelease|Any CPU.ActiveCfg = Release|Any CPU
		{1FF563F3-BD8C-451B-8394-C9B849F9E6DC}.WebRequesterRelease|Any CPU.ActiveCfg = Release|Any CPU
		{EA7B7E52-D30F-42B4-AF52-91E615AF5474}.Debug|Any CPU.ActiveCfg = Debug|Any CPU
		{EA7B7E52-D30F-42B4-AF52-91E615AF5474}.Debug|Any CPU.Build.0 = Debug|Any CPU
		{EA7B7E52-D30F-42B4-AF52-91E615AF5474}.LmsUserUpdaterRelease|Any CPU.ActiveCfg = Release|Any CPU
		{EA7B7E52-D30F-42B4-AF52-91E615AF5474}.Mp4Release|Any CPU.ActiveCfg = Release|Any CPU
		{EA7B7E52-D30F-42B4-AF52-91E615AF5474}.Mp4Release|Any CPU.Build.0 = Release|Any CPU
		{EA7B7E52-D30F-42B4-AF52-91E615AF5474}.MyContentRelease|Any CPU.ActiveCfg = Release|Any CPU
		{EA7B7E52-D30F-42B4-AF52-91E615AF5474}.MyContentRelease|Any CPU.Build.0 = Release|Any CPU
		{EA7B7E52-D30F-42B4-AF52-91E615AF5474}.PublicApiRelease|Any CPU.ActiveCfg = Release|Any CPU
		{EA7B7E52-D30F-42B4-AF52-91E615AF5474}.Release|Any CPU.ActiveCfg = Release|Any CPU
		{EA7B7E52-D30F-42B4-AF52-91E615AF5474}.Release|Any CPU.Build.0 = Release|Any CPU
		{EA7B7E52-D30F-42B4-AF52-91E615AF5474}.RootRelease|Any CPU.ActiveCfg = Release|Any CPU
		{EA7B7E52-D30F-42B4-AF52-91E615AF5474}.ServiceRelease|Any CPU.ActiveCfg = Release|Any CPU
		{EA7B7E52-D30F-42B4-AF52-91E615AF5474}.WebRequesterRelease|Any CPU.ActiveCfg = Release|Any CPU
		{0356A403-7B15-4A68-9C81-7B6BFF6956CF}.Debug|Any CPU.ActiveCfg = Debug|Any CPU
		{0356A403-7B15-4A68-9C81-7B6BFF6956CF}.Debug|Any CPU.Build.0 = Debug|Any CPU
		{0356A403-7B15-4A68-9C81-7B6BFF6956CF}.LmsUserUpdaterRelease|Any CPU.ActiveCfg = Release|Any CPU
		{0356A403-7B15-4A68-9C81-7B6BFF6956CF}.LmsUserUpdaterRelease|Any CPU.Build.0 = Release|Any CPU
		{0356A403-7B15-4A68-9C81-7B6BFF6956CF}.Mp4Release|Any CPU.ActiveCfg = Release|Any CPU
		{0356A403-7B15-4A68-9C81-7B6BFF6956CF}.Mp4Release|Any CPU.Build.0 = Release|Any CPU
		{0356A403-7B15-4A68-9C81-7B6BFF6956CF}.MyContentRelease|Any CPU.ActiveCfg = Release|Any CPU
		{0356A403-7B15-4A68-9C81-7B6BFF6956CF}.MyContentRelease|Any CPU.Build.0 = Release|Any CPU
		{0356A403-7B15-4A68-9C81-7B6BFF6956CF}.PublicApiRelease|Any CPU.ActiveCfg = Release|Any CPU
		{0356A403-7B15-4A68-9C81-7B6BFF6956CF}.PublicApiRelease|Any CPU.Build.0 = Release|Any CPU
		{0356A403-7B15-4A68-9C81-7B6BFF6956CF}.Release|Any CPU.ActiveCfg = Release|Any CPU
		{0356A403-7B15-4A68-9C81-7B6BFF6956CF}.Release|Any CPU.Build.0 = Release|Any CPU
		{0356A403-7B15-4A68-9C81-7B6BFF6956CF}.RootRelease|Any CPU.ActiveCfg = Release|Any CPU
		{0356A403-7B15-4A68-9C81-7B6BFF6956CF}.RootRelease|Any CPU.Build.0 = Release|Any CPU
		{0356A403-7B15-4A68-9C81-7B6BFF6956CF}.ServiceRelease|Any CPU.ActiveCfg = Release|Any CPU
		{0356A403-7B15-4A68-9C81-7B6BFF6956CF}.ServiceRelease|Any CPU.Build.0 = Release|Any CPU
		{0356A403-7B15-4A68-9C81-7B6BFF6956CF}.WebRequesterRelease|Any CPU.ActiveCfg = Release|Any CPU
		{6B3DC960-C953-4783-927C-40E438746AC5}.Debug|Any CPU.ActiveCfg = Debug|Any CPU
		{6B3DC960-C953-4783-927C-40E438746AC5}.Debug|Any CPU.Build.0 = Debug|Any CPU
		{6B3DC960-C953-4783-927C-40E438746AC5}.LmsUserUpdaterRelease|Any CPU.ActiveCfg = Release|Any CPU
		{6B3DC960-C953-4783-927C-40E438746AC5}.LmsUserUpdaterRelease|Any CPU.Build.0 = Release|Any CPU
		{6B3DC960-C953-4783-927C-40E438746AC5}.Mp4Release|Any CPU.ActiveCfg = Release|Any CPU
		{6B3DC960-C953-4783-927C-40E438746AC5}.Mp4Release|Any CPU.Build.0 = Release|Any CPU
		{6B3DC960-C953-4783-927C-40E438746AC5}.MyContentRelease|Any CPU.ActiveCfg = Release|Any CPU
		{6B3DC960-C953-4783-927C-40E438746AC5}.MyContentRelease|Any CPU.Build.0 = Release|Any CPU
		{6B3DC960-C953-4783-927C-40E438746AC5}.PublicApiRelease|Any CPU.ActiveCfg = Release|Any CPU
		{6B3DC960-C953-4783-927C-40E438746AC5}.PublicApiRelease|Any CPU.Build.0 = Release|Any CPU
		{6B3DC960-C953-4783-927C-40E438746AC5}.Release|Any CPU.ActiveCfg = Release|Any CPU
		{6B3DC960-C953-4783-927C-40E438746AC5}.Release|Any CPU.Build.0 = Release|Any CPU
		{6B3DC960-C953-4783-927C-40E438746AC5}.RootRelease|Any CPU.ActiveCfg = Release|Any CPU
		{6B3DC960-C953-4783-927C-40E438746AC5}.RootRelease|Any CPU.Build.0 = Release|Any CPU
		{6B3DC960-C953-4783-927C-40E438746AC5}.ServiceRelease|Any CPU.ActiveCfg = Release|Any CPU
		{6B3DC960-C953-4783-927C-40E438746AC5}.ServiceRelease|Any CPU.Build.0 = Release|Any CPU
		{6B3DC960-C953-4783-927C-40E438746AC5}.WebRequesterRelease|Any CPU.ActiveCfg = Release|Any CPU
		{B45A1C76-37BD-45BA-95B5-21BEFD17B3E5}.Debug|Any CPU.ActiveCfg = Debug|Any CPU
		{B45A1C76-37BD-45BA-95B5-21BEFD17B3E5}.Debug|Any CPU.Build.0 = Debug|Any CPU
		{B45A1C76-37BD-45BA-95B5-21BEFD17B3E5}.LmsUserUpdaterRelease|Any CPU.ActiveCfg = Release|Any CPU
		{B45A1C76-37BD-45BA-95B5-21BEFD17B3E5}.LmsUserUpdaterRelease|Any CPU.Build.0 = Release|Any CPU
		{B45A1C76-37BD-45BA-95B5-21BEFD17B3E5}.Mp4Release|Any CPU.ActiveCfg = Release|Any CPU
		{B45A1C76-37BD-45BA-95B5-21BEFD17B3E5}.Mp4Release|Any CPU.Build.0 = Release|Any CPU
		{B45A1C76-37BD-45BA-95B5-21BEFD17B3E5}.MyContentRelease|Any CPU.ActiveCfg = Release|Any CPU
		{B45A1C76-37BD-45BA-95B5-21BEFD17B3E5}.MyContentRelease|Any CPU.Build.0 = Release|Any CPU
		{B45A1C76-37BD-45BA-95B5-21BEFD17B3E5}.PublicApiRelease|Any CPU.ActiveCfg = Release|Any CPU
		{B45A1C76-37BD-45BA-95B5-21BEFD17B3E5}.PublicApiRelease|Any CPU.Build.0 = Release|Any CPU
		{B45A1C76-37BD-45BA-95B5-21BEFD17B3E5}.Release|Any CPU.ActiveCfg = Release|Any CPU
		{B45A1C76-37BD-45BA-95B5-21BEFD17B3E5}.Release|Any CPU.Build.0 = Release|Any CPU
		{B45A1C76-37BD-45BA-95B5-21BEFD17B3E5}.RootRelease|Any CPU.ActiveCfg = Release|Any CPU
		{B45A1C76-37BD-45BA-95B5-21BEFD17B3E5}.RootRelease|Any CPU.Build.0 = Release|Any CPU
		{B45A1C76-37BD-45BA-95B5-21BEFD17B3E5}.ServiceRelease|Any CPU.ActiveCfg = Release|Any CPU
		{B45A1C76-37BD-45BA-95B5-21BEFD17B3E5}.ServiceRelease|Any CPU.Build.0 = Release|Any CPU
		{B45A1C76-37BD-45BA-95B5-21BEFD17B3E5}.WebRequesterRelease|Any CPU.ActiveCfg = Release|Any CPU
		{410B1611-24EE-4887-8218-31FCBCE1BE02}.Debug|Any CPU.ActiveCfg = Debug|Any CPU
		{410B1611-24EE-4887-8218-31FCBCE1BE02}.Debug|Any CPU.Build.0 = Debug|Any CPU
		{410B1611-24EE-4887-8218-31FCBCE1BE02}.LmsUserUpdaterRelease|Any CPU.ActiveCfg = Release|Any CPU
		{410B1611-24EE-4887-8218-31FCBCE1BE02}.LmsUserUpdaterRelease|Any CPU.Build.0 = Release|Any CPU
		{410B1611-24EE-4887-8218-31FCBCE1BE02}.Mp4Release|Any CPU.ActiveCfg = Release|Any CPU
		{410B1611-24EE-4887-8218-31FCBCE1BE02}.Mp4Release|Any CPU.Build.0 = Release|Any CPU
		{410B1611-24EE-4887-8218-31FCBCE1BE02}.MyContentRelease|Any CPU.ActiveCfg = Release|Any CPU
		{410B1611-24EE-4887-8218-31FCBCE1BE02}.MyContentRelease|Any CPU.Build.0 = Release|Any CPU
		{410B1611-24EE-4887-8218-31FCBCE1BE02}.PublicApiRelease|Any CPU.ActiveCfg = Release|Any CPU
		{410B1611-24EE-4887-8218-31FCBCE1BE02}.PublicApiRelease|Any CPU.Build.0 = Release|Any CPU
		{410B1611-24EE-4887-8218-31FCBCE1BE02}.Release|Any CPU.ActiveCfg = Release|Any CPU
		{410B1611-24EE-4887-8218-31FCBCE1BE02}.Release|Any CPU.Build.0 = Release|Any CPU
		{410B1611-24EE-4887-8218-31FCBCE1BE02}.RootRelease|Any CPU.ActiveCfg = Release|Any CPU
		{410B1611-24EE-4887-8218-31FCBCE1BE02}.RootRelease|Any CPU.Build.0 = Release|Any CPU
		{410B1611-24EE-4887-8218-31FCBCE1BE02}.ServiceRelease|Any CPU.ActiveCfg = Release|Any CPU
		{410B1611-24EE-4887-8218-31FCBCE1BE02}.ServiceRelease|Any CPU.Build.0 = Release|Any CPU
		{410B1611-24EE-4887-8218-31FCBCE1BE02}.WebRequesterRelease|Any CPU.ActiveCfg = Release|Any CPU
		{2A9704FF-ED00-4B8D-B4A9-F60F837F6F55}.Debug|Any CPU.ActiveCfg = Debug|Any CPU
		{2A9704FF-ED00-4B8D-B4A9-F60F837F6F55}.Debug|Any CPU.Build.0 = Debug|Any CPU
		{2A9704FF-ED00-4B8D-B4A9-F60F837F6F55}.LmsUserUpdaterRelease|Any CPU.ActiveCfg = Release|Any CPU
		{2A9704FF-ED00-4B8D-B4A9-F60F837F6F55}.LmsUserUpdaterRelease|Any CPU.Build.0 = Release|Any CPU
		{2A9704FF-ED00-4B8D-B4A9-F60F837F6F55}.Mp4Release|Any CPU.ActiveCfg = Release|Any CPU
		{2A9704FF-ED00-4B8D-B4A9-F60F837F6F55}.Mp4Release|Any CPU.Build.0 = Release|Any CPU
		{2A9704FF-ED00-4B8D-B4A9-F60F837F6F55}.MyContentRelease|Any CPU.ActiveCfg = Release|Any CPU
		{2A9704FF-ED00-4B8D-B4A9-F60F837F6F55}.MyContentRelease|Any CPU.Build.0 = Release|Any CPU
		{2A9704FF-ED00-4B8D-B4A9-F60F837F6F55}.PublicApiRelease|Any CPU.ActiveCfg = Release|Any CPU
		{2A9704FF-ED00-4B8D-B4A9-F60F837F6F55}.PublicApiRelease|Any CPU.Build.0 = Release|Any CPU
		{2A9704FF-ED00-4B8D-B4A9-F60F837F6F55}.Release|Any CPU.ActiveCfg = Release|Any CPU
		{2A9704FF-ED00-4B8D-B4A9-F60F837F6F55}.Release|Any CPU.Build.0 = Release|Any CPU
		{2A9704FF-ED00-4B8D-B4A9-F60F837F6F55}.RootRelease|Any CPU.ActiveCfg = Release|Any CPU
		{2A9704FF-ED00-4B8D-B4A9-F60F837F6F55}.RootRelease|Any CPU.Build.0 = Release|Any CPU
		{2A9704FF-ED00-4B8D-B4A9-F60F837F6F55}.ServiceRelease|Any CPU.ActiveCfg = Release|Any CPU
		{2A9704FF-ED00-4B8D-B4A9-F60F837F6F55}.WebRequesterRelease|Any CPU.ActiveCfg = Release|Any CPU
		{9CBD846D-100C-4084-B71D-73C40192EF21}.Debug|Any CPU.ActiveCfg = Debug|Any CPU
		{9CBD846D-100C-4084-B71D-73C40192EF21}.Debug|Any CPU.Build.0 = Debug|Any CPU
		{9CBD846D-100C-4084-B71D-73C40192EF21}.LmsUserUpdaterRelease|Any CPU.ActiveCfg = Release|Any CPU
		{9CBD846D-100C-4084-B71D-73C40192EF21}.LmsUserUpdaterRelease|Any CPU.Build.0 = Release|Any CPU
		{9CBD846D-100C-4084-B71D-73C40192EF21}.Mp4Release|Any CPU.ActiveCfg = Release|Any CPU
		{9CBD846D-100C-4084-B71D-73C40192EF21}.Mp4Release|Any CPU.Build.0 = Release|Any CPU
		{9CBD846D-100C-4084-B71D-73C40192EF21}.MyContentRelease|Any CPU.ActiveCfg = Release|Any CPU
		{9CBD846D-100C-4084-B71D-73C40192EF21}.MyContentRelease|Any CPU.Build.0 = Release|Any CPU
		{9CBD846D-100C-4084-B71D-73C40192EF21}.PublicApiRelease|Any CPU.ActiveCfg = Release|Any CPU
		{9CBD846D-100C-4084-B71D-73C40192EF21}.PublicApiRelease|Any CPU.Build.0 = Release|Any CPU
		{9CBD846D-100C-4084-B71D-73C40192EF21}.Release|Any CPU.ActiveCfg = Release|Any CPU
		{9CBD846D-100C-4084-B71D-73C40192EF21}.Release|Any CPU.Build.0 = Release|Any CPU
		{9CBD846D-100C-4084-B71D-73C40192EF21}.RootRelease|Any CPU.ActiveCfg = Release|Any CPU
		{9CBD846D-100C-4084-B71D-73C40192EF21}.RootRelease|Any CPU.Build.0 = Release|Any CPU
		{9CBD846D-100C-4084-B71D-73C40192EF21}.ServiceRelease|Any CPU.ActiveCfg = Release|Any CPU
		{9CBD846D-100C-4084-B71D-73C40192EF21}.WebRequesterRelease|Any CPU.ActiveCfg = Release|Any CPU
		{8BDE322E-1592-4C41-AC4A-B9A644175F04}.Debug|Any CPU.ActiveCfg = Debug|Any CPU
		{8BDE322E-1592-4C41-AC4A-B9A644175F04}.Debug|Any CPU.Build.0 = Debug|Any CPU
		{8BDE322E-1592-4C41-AC4A-B9A644175F04}.LmsUserUpdaterRelease|Any CPU.ActiveCfg = Release|Any CPU
		{8BDE322E-1592-4C41-AC4A-B9A644175F04}.LmsUserUpdaterRelease|Any CPU.Build.0 = Release|Any CPU
		{8BDE322E-1592-4C41-AC4A-B9A644175F04}.Mp4Release|Any CPU.ActiveCfg = Release|Any CPU
		{8BDE322E-1592-4C41-AC4A-B9A644175F04}.Mp4Release|Any CPU.Build.0 = Release|Any CPU
		{8BDE322E-1592-4C41-AC4A-B9A644175F04}.MyContentRelease|Any CPU.ActiveCfg = Release|Any CPU
		{8BDE322E-1592-4C41-AC4A-B9A644175F04}.MyContentRelease|Any CPU.Build.0 = Release|Any CPU
		{8BDE322E-1592-4C41-AC4A-B9A644175F04}.PublicApiRelease|Any CPU.ActiveCfg = Release|Any CPU
		{8BDE322E-1592-4C41-AC4A-B9A644175F04}.PublicApiRelease|Any CPU.Build.0 = Release|Any CPU
		{8BDE322E-1592-4C41-AC4A-B9A644175F04}.Release|Any CPU.ActiveCfg = Release|Any CPU
		{8BDE322E-1592-4C41-AC4A-B9A644175F04}.Release|Any CPU.Build.0 = Release|Any CPU
		{8BDE322E-1592-4C41-AC4A-B9A644175F04}.RootRelease|Any CPU.ActiveCfg = Release|Any CPU
		{8BDE322E-1592-4C41-AC4A-B9A644175F04}.RootRelease|Any CPU.Build.0 = Release|Any CPU
		{8BDE322E-1592-4C41-AC4A-B9A644175F04}.ServiceRelease|Any CPU.ActiveCfg = Release|Any CPU
		{8BDE322E-1592-4C41-AC4A-B9A644175F04}.ServiceRelease|Any CPU.Build.0 = Release|Any CPU
		{8BDE322E-1592-4C41-AC4A-B9A644175F04}.WebRequesterRelease|Any CPU.ActiveCfg = Release|Any CPU
		{1535300B-D67D-41F1-9D1F-EBCC5AC32B75}.Debug|Any CPU.ActiveCfg = Debug|Any CPU
		{1535300B-D67D-41F1-9D1F-EBCC5AC32B75}.Debug|Any CPU.Build.0 = Debug|Any CPU
		{1535300B-D67D-41F1-9D1F-EBCC5AC32B75}.LmsUserUpdaterRelease|Any CPU.ActiveCfg = Release|Any CPU
		{1535300B-D67D-41F1-9D1F-EBCC5AC32B75}.LmsUserUpdaterRelease|Any CPU.Build.0 = Release|Any CPU
		{1535300B-D67D-41F1-9D1F-EBCC5AC32B75}.Mp4Release|Any CPU.ActiveCfg = Release|Any CPU
		{1535300B-D67D-41F1-9D1F-EBCC5AC32B75}.Mp4Release|Any CPU.Build.0 = Release|Any CPU
		{1535300B-D67D-41F1-9D1F-EBCC5AC32B75}.MyContentRelease|Any CPU.ActiveCfg = Release|Any CPU
		{1535300B-D67D-41F1-9D1F-EBCC5AC32B75}.MyContentRelease|Any CPU.Build.0 = Release|Any CPU
		{1535300B-D67D-41F1-9D1F-EBCC5AC32B75}.PublicApiRelease|Any CPU.ActiveCfg = Release|Any CPU
		{1535300B-D67D-41F1-9D1F-EBCC5AC32B75}.PublicApiRelease|Any CPU.Build.0 = Release|Any CPU
		{1535300B-D67D-41F1-9D1F-EBCC5AC32B75}.Release|Any CPU.ActiveCfg = Release|Any CPU
		{1535300B-D67D-41F1-9D1F-EBCC5AC32B75}.Release|Any CPU.Build.0 = Release|Any CPU
		{1535300B-D67D-41F1-9D1F-EBCC5AC32B75}.RootRelease|Any CPU.ActiveCfg = Release|Any CPU
		{1535300B-D67D-41F1-9D1F-EBCC5AC32B75}.RootRelease|Any CPU.Build.0 = Release|Any CPU
		{1535300B-D67D-41F1-9D1F-EBCC5AC32B75}.ServiceRelease|Any CPU.ActiveCfg = Release|Any CPU
		{1535300B-D67D-41F1-9D1F-EBCC5AC32B75}.ServiceRelease|Any CPU.Build.0 = Release|Any CPU
		{1535300B-D67D-41F1-9D1F-EBCC5AC32B75}.WebRequesterRelease|Any CPU.ActiveCfg = Release|Any CPU
		{1D04423B-12E2-41E5-BCE6-A5AA99091110}.Debug|Any CPU.ActiveCfg = Debug|Any CPU
		{1D04423B-12E2-41E5-BCE6-A5AA99091110}.Debug|Any CPU.Build.0 = Debug|Any CPU
		{1D04423B-12E2-41E5-BCE6-A5AA99091110}.LmsUserUpdaterRelease|Any CPU.ActiveCfg = Release|Any CPU
		{1D04423B-12E2-41E5-BCE6-A5AA99091110}.LmsUserUpdaterRelease|Any CPU.Build.0 = Release|Any CPU
		{1D04423B-12E2-41E5-BCE6-A5AA99091110}.Mp4Release|Any CPU.ActiveCfg = Release|Any CPU
		{1D04423B-12E2-41E5-BCE6-A5AA99091110}.Mp4Release|Any CPU.Build.0 = Release|Any CPU
		{1D04423B-12E2-41E5-BCE6-A5AA99091110}.MyContentRelease|Any CPU.ActiveCfg = Release|Any CPU
		{1D04423B-12E2-41E5-BCE6-A5AA99091110}.MyContentRelease|Any CPU.Build.0 = Release|Any CPU
		{1D04423B-12E2-41E5-BCE6-A5AA99091110}.PublicApiRelease|Any CPU.ActiveCfg = Release|Any CPU
		{1D04423B-12E2-41E5-BCE6-A5AA99091110}.PublicApiRelease|Any CPU.Build.0 = Release|Any CPU
		{1D04423B-12E2-41E5-BCE6-A5AA99091110}.Release|Any CPU.ActiveCfg = Release|Any CPU
		{1D04423B-12E2-41E5-BCE6-A5AA99091110}.Release|Any CPU.Build.0 = Release|Any CPU
		{1D04423B-12E2-41E5-BCE6-A5AA99091110}.RootRelease|Any CPU.ActiveCfg = Release|Any CPU
		{1D04423B-12E2-41E5-BCE6-A5AA99091110}.RootRelease|Any CPU.Build.0 = Release|Any CPU
		{1D04423B-12E2-41E5-BCE6-A5AA99091110}.ServiceRelease|Any CPU.ActiveCfg = Release|Any CPU
		{1D04423B-12E2-41E5-BCE6-A5AA99091110}.ServiceRelease|Any CPU.Build.0 = Release|Any CPU
		{1D04423B-12E2-41E5-BCE6-A5AA99091110}.WebRequesterRelease|Any CPU.ActiveCfg = Release|Any CPU
		{7EAE3C00-E91C-4B97-95E7-04E3D7A78FB6}.Debug|Any CPU.ActiveCfg = Debug|Any CPU
		{7EAE3C00-E91C-4B97-95E7-04E3D7A78FB6}.Debug|Any CPU.Build.0 = Debug|Any CPU
		{7EAE3C00-E91C-4B97-95E7-04E3D7A78FB6}.LmsUserUpdaterRelease|Any CPU.ActiveCfg = Release|Any CPU
		{7EAE3C00-E91C-4B97-95E7-04E3D7A78FB6}.LmsUserUpdaterRelease|Any CPU.Build.0 = Release|Any CPU
		{7EAE3C00-E91C-4B97-95E7-04E3D7A78FB6}.Mp4Release|Any CPU.ActiveCfg = Release|Any CPU
		{7EAE3C00-E91C-4B97-95E7-04E3D7A78FB6}.Mp4Release|Any CPU.Build.0 = Release|Any CPU
		{7EAE3C00-E91C-4B97-95E7-04E3D7A78FB6}.MyContentRelease|Any CPU.ActiveCfg = Release|Any CPU
		{7EAE3C00-E91C-4B97-95E7-04E3D7A78FB6}.MyContentRelease|Any CPU.Build.0 = Release|Any CPU
		{7EAE3C00-E91C-4B97-95E7-04E3D7A78FB6}.PublicApiRelease|Any CPU.ActiveCfg = Release|Any CPU
		{7EAE3C00-E91C-4B97-95E7-04E3D7A78FB6}.PublicApiRelease|Any CPU.Build.0 = Release|Any CPU
		{7EAE3C00-E91C-4B97-95E7-04E3D7A78FB6}.Release|Any CPU.ActiveCfg = Release|Any CPU
		{7EAE3C00-E91C-4B97-95E7-04E3D7A78FB6}.Release|Any CPU.Build.0 = Release|Any CPU
		{7EAE3C00-E91C-4B97-95E7-04E3D7A78FB6}.RootRelease|Any CPU.ActiveCfg = Release|Any CPU
		{7EAE3C00-E91C-4B97-95E7-04E3D7A78FB6}.RootRelease|Any CPU.Build.0 = Release|Any CPU
		{7EAE3C00-E91C-4B97-95E7-04E3D7A78FB6}.ServiceRelease|Any CPU.ActiveCfg = Release|Any CPU
		{7EAE3C00-E91C-4B97-95E7-04E3D7A78FB6}.ServiceRelease|Any CPU.Build.0 = Release|Any CPU
		{7EAE3C00-E91C-4B97-95E7-04E3D7A78FB6}.WebRequesterRelease|Any CPU.ActiveCfg = Release|Any CPU
		{1223FC00-6D40-4356-9744-36474EB76917}.Debug|Any CPU.ActiveCfg = Debug|Any CPU
		{1223FC00-6D40-4356-9744-36474EB76917}.Debug|Any CPU.Build.0 = Debug|Any CPU
		{1223FC00-6D40-4356-9744-36474EB76917}.LmsUserUpdaterRelease|Any CPU.ActiveCfg = Release|Any CPU
		{1223FC00-6D40-4356-9744-36474EB76917}.LmsUserUpdaterRelease|Any CPU.Build.0 = Release|Any CPU
		{1223FC00-6D40-4356-9744-36474EB76917}.Mp4Release|Any CPU.ActiveCfg = Release|Any CPU
		{1223FC00-6D40-4356-9744-36474EB76917}.Mp4Release|Any CPU.Build.0 = Release|Any CPU
		{1223FC00-6D40-4356-9744-36474EB76917}.MyContentRelease|Any CPU.ActiveCfg = Release|Any CPU
		{1223FC00-6D40-4356-9744-36474EB76917}.MyContentRelease|Any CPU.Build.0 = Release|Any CPU
		{1223FC00-6D40-4356-9744-36474EB76917}.PublicApiRelease|Any CPU.ActiveCfg = Release|Any CPU
		{1223FC00-6D40-4356-9744-36474EB76917}.PublicApiRelease|Any CPU.Build.0 = Release|Any CPU
		{1223FC00-6D40-4356-9744-36474EB76917}.Release|Any CPU.ActiveCfg = Release|Any CPU
		{1223FC00-6D40-4356-9744-36474EB76917}.Release|Any CPU.Build.0 = Release|Any CPU
		{1223FC00-6D40-4356-9744-36474EB76917}.RootRelease|Any CPU.ActiveCfg = Release|Any CPU
		{1223FC00-6D40-4356-9744-36474EB76917}.RootRelease|Any CPU.Build.0 = Release|Any CPU
		{1223FC00-6D40-4356-9744-36474EB76917}.ServiceRelease|Any CPU.ActiveCfg = Release|Any CPU
		{1223FC00-6D40-4356-9744-36474EB76917}.ServiceRelease|Any CPU.Build.0 = Release|Any CPU
		{1223FC00-6D40-4356-9744-36474EB76917}.WebRequesterRelease|Any CPU.ActiveCfg = Release|Any CPU
		{E9BD4EB8-1136-480C-A07D-4E7FA6FFA6C4}.Debug|Any CPU.ActiveCfg = Debug|Any CPU
		{E9BD4EB8-1136-480C-A07D-4E7FA6FFA6C4}.Debug|Any CPU.Build.0 = Debug|Any CPU
		{E9BD4EB8-1136-480C-A07D-4E7FA6FFA6C4}.LmsUserUpdaterRelease|Any CPU.ActiveCfg = Release|Any CPU
		{E9BD4EB8-1136-480C-A07D-4E7FA6FFA6C4}.LmsUserUpdaterRelease|Any CPU.Build.0 = Release|Any CPU
		{E9BD4EB8-1136-480C-A07D-4E7FA6FFA6C4}.Mp4Release|Any CPU.ActiveCfg = Release|Any CPU
		{E9BD4EB8-1136-480C-A07D-4E7FA6FFA6C4}.Mp4Release|Any CPU.Build.0 = Release|Any CPU
		{E9BD4EB8-1136-480C-A07D-4E7FA6FFA6C4}.MyContentRelease|Any CPU.ActiveCfg = Release|Any CPU
		{E9BD4EB8-1136-480C-A07D-4E7FA6FFA6C4}.MyContentRelease|Any CPU.Build.0 = Release|Any CPU
		{E9BD4EB8-1136-480C-A07D-4E7FA6FFA6C4}.PublicApiRelease|Any CPU.ActiveCfg = Release|Any CPU
		{E9BD4EB8-1136-480C-A07D-4E7FA6FFA6C4}.PublicApiRelease|Any CPU.Build.0 = Release|Any CPU
		{E9BD4EB8-1136-480C-A07D-4E7FA6FFA6C4}.Release|Any CPU.ActiveCfg = Release|Any CPU
		{E9BD4EB8-1136-480C-A07D-4E7FA6FFA6C4}.Release|Any CPU.Build.0 = Release|Any CPU
		{E9BD4EB8-1136-480C-A07D-4E7FA6FFA6C4}.RootRelease|Any CPU.ActiveCfg = Release|Any CPU
		{E9BD4EB8-1136-480C-A07D-4E7FA6FFA6C4}.RootRelease|Any CPU.Build.0 = Release|Any CPU
		{E9BD4EB8-1136-480C-A07D-4E7FA6FFA6C4}.ServiceRelease|Any CPU.ActiveCfg = Release|Any CPU
		{E9BD4EB8-1136-480C-A07D-4E7FA6FFA6C4}.ServiceRelease|Any CPU.Build.0 = Release|Any CPU
		{E9BD4EB8-1136-480C-A07D-4E7FA6FFA6C4}.WebRequesterRelease|Any CPU.ActiveCfg = Release|Any CPU
		{18D11468-DDA0-494C-870B-E261EE31CC25}.Debug|Any CPU.ActiveCfg = Debug|Any CPU
		{18D11468-DDA0-494C-870B-E261EE31CC25}.Debug|Any CPU.Build.0 = Debug|Any CPU
		{18D11468-DDA0-494C-870B-E261EE31CC25}.LmsUserUpdaterRelease|Any CPU.ActiveCfg = Release|Any CPU
		{18D11468-DDA0-494C-870B-E261EE31CC25}.LmsUserUpdaterRelease|Any CPU.Build.0 = Release|Any CPU
		{18D11468-DDA0-494C-870B-E261EE31CC25}.Mp4Release|Any CPU.ActiveCfg = Release|Any CPU
		{18D11468-DDA0-494C-870B-E261EE31CC25}.Mp4Release|Any CPU.Build.0 = Release|Any CPU
		{18D11468-DDA0-494C-870B-E261EE31CC25}.MyContentRelease|Any CPU.ActiveCfg = Release|Any CPU
		{18D11468-DDA0-494C-870B-E261EE31CC25}.MyContentRelease|Any CPU.Build.0 = Release|Any CPU
		{18D11468-DDA0-494C-870B-E261EE31CC25}.PublicApiRelease|Any CPU.ActiveCfg = Release|Any CPU
		{18D11468-DDA0-494C-870B-E261EE31CC25}.PublicApiRelease|Any CPU.Build.0 = Release|Any CPU
		{18D11468-DDA0-494C-870B-E261EE31CC25}.Release|Any CPU.ActiveCfg = Release|Any CPU
		{18D11468-DDA0-494C-870B-E261EE31CC25}.Release|Any CPU.Build.0 = Release|Any CPU
		{18D11468-DDA0-494C-870B-E261EE31CC25}.RootRelease|Any CPU.ActiveCfg = Release|Any CPU
		{18D11468-DDA0-494C-870B-E261EE31CC25}.RootRelease|Any CPU.Build.0 = Release|Any CPU
		{18D11468-DDA0-494C-870B-E261EE31CC25}.ServiceRelease|Any CPU.ActiveCfg = Release|Any CPU
		{18D11468-DDA0-494C-870B-E261EE31CC25}.ServiceRelease|Any CPU.Build.0 = Release|Any CPU
		{18D11468-DDA0-494C-870B-E261EE31CC25}.WebRequesterRelease|Any CPU.ActiveCfg = Release|Any CPU
		{A96BC47C-CF87-42E2-816C-28FF2FC3C6B1}.Debug|Any CPU.ActiveCfg = Debug|Any CPU
		{A96BC47C-CF87-42E2-816C-28FF2FC3C6B1}.Debug|Any CPU.Build.0 = Debug|Any CPU
		{A96BC47C-CF87-42E2-816C-28FF2FC3C6B1}.LmsUserUpdaterRelease|Any CPU.ActiveCfg = Release|Any CPU
		{A96BC47C-CF87-42E2-816C-28FF2FC3C6B1}.Mp4Release|Any CPU.ActiveCfg = Release|Any CPU
		{A96BC47C-CF87-42E2-816C-28FF2FC3C6B1}.Mp4Release|Any CPU.Build.0 = Release|Any CPU
		{A96BC47C-CF87-42E2-816C-28FF2FC3C6B1}.MyContentRelease|Any CPU.ActiveCfg = Release|Any CPU
		{A96BC47C-CF87-42E2-816C-28FF2FC3C6B1}.MyContentRelease|Any CPU.Build.0 = Release|Any CPU
		{A96BC47C-CF87-42E2-816C-28FF2FC3C6B1}.PublicApiRelease|Any CPU.ActiveCfg = Release|Any CPU
		{A96BC47C-CF87-42E2-816C-28FF2FC3C6B1}.PublicApiRelease|Any CPU.Build.0 = Release|Any CPU
		{A96BC47C-CF87-42E2-816C-28FF2FC3C6B1}.Release|Any CPU.ActiveCfg = Release|Any CPU
		{A96BC47C-CF87-42E2-816C-28FF2FC3C6B1}.Release|Any CPU.Build.0 = Release|Any CPU
		{A96BC47C-CF87-42E2-816C-28FF2FC3C6B1}.RootRelease|Any CPU.ActiveCfg = Release|Any CPU
		{A96BC47C-CF87-42E2-816C-28FF2FC3C6B1}.RootRelease|Any CPU.Build.0 = Release|Any CPU
		{A96BC47C-CF87-42E2-816C-28FF2FC3C6B1}.ServiceRelease|Any CPU.ActiveCfg = Release|Any CPU
		{A96BC47C-CF87-42E2-816C-28FF2FC3C6B1}.ServiceRelease|Any CPU.Build.0 = Release|Any CPU
		{A96BC47C-CF87-42E2-816C-28FF2FC3C6B1}.WebRequesterRelease|Any CPU.ActiveCfg = Release|Any CPU
		{7DADF90A-DA89-48A5-A266-EE9A9A43D8CD}.Debug|Any CPU.ActiveCfg = Debug|Any CPU
		{7DADF90A-DA89-48A5-A266-EE9A9A43D8CD}.LmsUserUpdaterRelease|Any CPU.ActiveCfg = Release|Any CPU
		{7DADF90A-DA89-48A5-A266-EE9A9A43D8CD}.Mp4Release|Any CPU.ActiveCfg = Release|Any CPU
		{7DADF90A-DA89-48A5-A266-EE9A9A43D8CD}.MyContentRelease|Any CPU.ActiveCfg = Release|Any CPU
		{7DADF90A-DA89-48A5-A266-EE9A9A43D8CD}.PublicApiRelease|Any CPU.ActiveCfg = Release|Any CPU
		{7DADF90A-DA89-48A5-A266-EE9A9A43D8CD}.PublicApiRelease|Any CPU.Build.0 = Release|Any CPU
		{7DADF90A-DA89-48A5-A266-EE9A9A43D8CD}.Release|Any CPU.ActiveCfg = Release|Any CPU
		{7DADF90A-DA89-48A5-A266-EE9A9A43D8CD}.RootRelease|Any CPU.ActiveCfg = Release|Any CPU
		{7DADF90A-DA89-48A5-A266-EE9A9A43D8CD}.RootRelease|Any CPU.Build.0 = Release|Any CPU
		{7DADF90A-DA89-48A5-A266-EE9A9A43D8CD}.ServiceRelease|Any CPU.ActiveCfg = Release|Any CPU
		{7DADF90A-DA89-48A5-A266-EE9A9A43D8CD}.ServiceRelease|Any CPU.Build.0 = Release|Any CPU
		{7DADF90A-DA89-48A5-A266-EE9A9A43D8CD}.WebRequesterRelease|Any CPU.ActiveCfg = Release|Any CPU
		{4323CA31-A7B4-4EEF-97C5-F731F20FBFDE}.Debug|Any CPU.ActiveCfg = Debug|Any CPU
		{4323CA31-A7B4-4EEF-97C5-F731F20FBFDE}.LmsUserUpdaterRelease|Any CPU.ActiveCfg = Release|Any CPU
		{4323CA31-A7B4-4EEF-97C5-F731F20FBFDE}.Mp4Release|Any CPU.ActiveCfg = Release|Any CPU
		{4323CA31-A7B4-4EEF-97C5-F731F20FBFDE}.MyContentRelease|Any CPU.ActiveCfg = Release|Any CPU
		{4323CA31-A7B4-4EEF-97C5-F731F20FBFDE}.PublicApiRelease|Any CPU.ActiveCfg = Release|Any CPU
		{4323CA31-A7B4-4EEF-97C5-F731F20FBFDE}.PublicApiRelease|Any CPU.Build.0 = Release|Any CPU
		{4323CA31-A7B4-4EEF-97C5-F731F20FBFDE}.Release|Any CPU.ActiveCfg = Release|Any CPU
		{4323CA31-A7B4-4EEF-97C5-F731F20FBFDE}.RootRelease|Any CPU.ActiveCfg = Release|Any CPU
		{4323CA31-A7B4-4EEF-97C5-F731F20FBFDE}.RootRelease|Any CPU.Build.0 = Release|Any CPU
		{4323CA31-A7B4-4EEF-97C5-F731F20FBFDE}.ServiceRelease|Any CPU.ActiveCfg = Release|Any CPU
		{4323CA31-A7B4-4EEF-97C5-F731F20FBFDE}.ServiceRelease|Any CPU.Build.0 = Release|Any CPU
		{4323CA31-A7B4-4EEF-97C5-F731F20FBFDE}.WebRequesterRelease|Any CPU.ActiveCfg = Release|Any CPU
		{D0E5A5AE-9C5E-4C32-B0B5-485BF1C0A3AD}.Debug|Any CPU.ActiveCfg = Debug|Any CPU
		{D0E5A5AE-9C5E-4C32-B0B5-485BF1C0A3AD}.Debug|Any CPU.Build.0 = Debug|Any CPU
		{D0E5A5AE-9C5E-4C32-B0B5-485BF1C0A3AD}.LmsUserUpdaterRelease|Any CPU.ActiveCfg = Release|Any CPU
		{D0E5A5AE-9C5E-4C32-B0B5-485BF1C0A3AD}.Mp4Release|Any CPU.ActiveCfg = Release|Any CPU
		{D0E5A5AE-9C5E-4C32-B0B5-485BF1C0A3AD}.MyContentRelease|Any CPU.ActiveCfg = Release|Any CPU
		{D0E5A5AE-9C5E-4C32-B0B5-485BF1C0A3AD}.PublicApiRelease|Any CPU.ActiveCfg = Release|Any CPU
		{D0E5A5AE-9C5E-4C32-B0B5-485BF1C0A3AD}.Release|Any CPU.ActiveCfg = Release|Any CPU
		{D0E5A5AE-9C5E-4C32-B0B5-485BF1C0A3AD}.Release|Any CPU.Build.0 = Release|Any CPU
		{D0E5A5AE-9C5E-4C32-B0B5-485BF1C0A3AD}.RootRelease|Any CPU.ActiveCfg = Release|Any CPU
		{D0E5A5AE-9C5E-4C32-B0B5-485BF1C0A3AD}.ServiceRelease|Any CPU.ActiveCfg = Release|Any CPU
		{D0E5A5AE-9C5E-4C32-B0B5-485BF1C0A3AD}.WebRequesterRelease|Any CPU.ActiveCfg = Release|Any CPU
	EndGlobalSection
	GlobalSection(SolutionProperties) = preSolution
		HideSolutionNode = FALSE
	EndGlobalSection
	GlobalSection(NestedProjects) = preSolution
		{D1C6AF7C-0560-4C09-8650-1A07BBCF92EB} = {262066CC-6518-4C8E-9D9A-7BFECED2E5F6}
		{4AE3721C-5DE1-4E4C-B6BE-2809E32A8F12} = {262066CC-6518-4C8E-9D9A-7BFECED2E5F6}
		{2C3F36AB-F82B-41A0-8C98-336FD249BBDA} = {E106AB37-3EBA-4EE4-807B-7C02C910DC96}
	EndGlobalSection
EndGlobal
