
Microsoft Visual Studio Solution File, Format Version 12.00
# Visual Studio 2013
VisualStudioVersion = 12.0.31101.0
MinimumVisualStudioVersion = 10.0.40219.1
Project("{FAE04EC0-301F-11D3-BF4B-00C04F79EFBC}") = "EdugameCloud.WCFService", "EdugameCloud.WCFService\EdugameCloud.WCFService.csproj", "{1758C513-FDF1-47FA-842F-9C332DA85C17}"
EndProject
Project("{FAE04EC0-301F-11D3-BF4B-00C04F79EFBC}") = "EdugameCloud.Core", "EdugameCloud.Core\EdugameCloud.Core.csproj", "{4E419CD8-BE17-40E0-B71B-CCA30699D758}"
EndProject
Project("{FAE04EC0-301F-11D3-BF4B-00C04F79EFBC}") = "EdugameCloud.Persistence", "EdugameCloud.Persistence\EdugameCloud.Persistence.csproj", "{69D07FBF-75CA-4C6E-89F7-033E2D9FB710}"
EndProject
Project("{00D1A9C2-B5F0-4AF3-8072-F6C62B433612}") = "EdugameCloud.DB", "EdugameCloud.DB\EdugameCloud.DB.sqlproj", "{2B6A42CB-92AF-4D07-9668-5DEDF3417C1D}"
EndProject
Project("{FAE04EC0-301F-11D3-BF4B-00C04F79EFBC}") = "EdugameCloud.Web", "EdugameCloud.Web\EdugameCloud.Web.csproj", "{B149C2F2-4E11-4667-A83F-59D6D00401E4}"
	ProjectSection(ProjectDependencies) = postProject
		{1758C513-FDF1-47FA-842F-9C332DA85C17} = {1758C513-FDF1-47FA-842F-9C332DA85C17}
	EndProjectSection
EndProject
Project("{FAE04EC0-301F-11D3-BF4B-00C04F79EFBC}") = "EdugameCloud.MVC", "EdugameCloud.MVC\EdugameCloud.MVC.csproj", "{A17D2033-4439-4418-8224-96A408B548DB}"
EndProject
Project("{FAE04EC0-301F-11D3-BF4B-00C04F79EFBC}") = "EdugameCloud.MailSender", "EdugameCloud.MailsSender\EdugameCloud.MailSender.csproj", "{7C9BF166-B714-4553-A5D0-8F7FD334F3A0}"
EndProject
Project("{FAE04EC0-301F-11D3-BF4B-00C04F79EFBC}") = "EdugameCloud.Lti", "EdugameCloud.Lti\EdugameCloud.Lti.csproj", "{0654349B-3097-448F-A4B3-B412B9AB20D5}"
EndProject
Project("{2150E333-8FDC-42A3-9474-1A3956D46DE8}") = ".nuget", ".nuget", "{6F0B62BE-5521-4E4F-800B-B036DCB19EFE}"
	ProjectSection(SolutionItems) = preProject
		.nuget\NuGet.Config = .nuget\NuGet.Config
		.nuget\NuGet.exe = .nuget\NuGet.exe
		.nuget\NuGet.targets = .nuget\NuGet.targets
	EndProjectSection
EndProject
Project("{FAE04EC0-301F-11D3-BF4B-00C04F79EFBC}") = "EdugameCloud.Lti.Persistence", "EdugameCloud.Lti.Persistence\EdugameCloud.Lti.Persistence.csproj", "{B431087D-825B-4085-9747-F374C60FD4C4}"
EndProject
Project("{FAE04EC0-301F-11D3-BF4B-00C04F79EFBC}") = "EdugameCloud.Lti.Web", "EdugameCloud.Lti.Web\EdugameCloud.Lti.Web.csproj", "{A149C2F2-4E11-4667-A83F-59D6D00401E4}"
EndProject
Project("{FAE04EC0-301F-11D3-BF4B-00C04F79EFBC}") = "EdugameCloud.Lti.WebRequester", "EdugameCloud.Lti.WebRequester\EdugameCloud.Lti.WebRequester.csproj", "{D1C6AF7C-0560-4C09-8650-1A07BBCF92EB}"
EndProject
Project("{00D1A9C2-B5F0-4AF3-8072-F6C62B433612}") = "EdugameCloud.Lti.DB", "EdugameCloud.Lti.DB\EdugameCloud.Lti.DB.sqlproj", "{0ED7BD42-FA64-41C5-924B-252A500A6529}"
EndProject
Global
	GlobalSection(SolutionConfigurationPlatforms) = preSolution
		Debug|Any CPU = Debug|Any CPU
		Release|Any CPU = Release|Any CPU
	EndGlobalSection
	GlobalSection(ProjectConfigurationPlatforms) = postSolution
		{1758C513-FDF1-47FA-842F-9C332DA85C17}.Debug|Any CPU.ActiveCfg = Debug|Any CPU
		{1758C513-FDF1-47FA-842F-9C332DA85C17}.Debug|Any CPU.Build.0 = Debug|Any CPU
		{1758C513-FDF1-47FA-842F-9C332DA85C17}.Release|Any CPU.ActiveCfg = Release|Any CPU
		{1758C513-FDF1-47FA-842F-9C332DA85C17}.Release|Any CPU.Build.0 = Release|Any CPU
		{4E419CD8-BE17-40E0-B71B-CCA30699D758}.Debug|Any CPU.ActiveCfg = Debug|Any CPU
		{4E419CD8-BE17-40E0-B71B-CCA30699D758}.Debug|Any CPU.Build.0 = Debug|Any CPU
		{4E419CD8-BE17-40E0-B71B-CCA30699D758}.Release|Any CPU.ActiveCfg = Release|Any CPU
		{4E419CD8-BE17-40E0-B71B-CCA30699D758}.Release|Any CPU.Build.0 = Release|Any CPU
		{69D07FBF-75CA-4C6E-89F7-033E2D9FB710}.Debug|Any CPU.ActiveCfg = Debug|Any CPU
		{69D07FBF-75CA-4C6E-89F7-033E2D9FB710}.Debug|Any CPU.Build.0 = Debug|Any CPU
		{69D07FBF-75CA-4C6E-89F7-033E2D9FB710}.Release|Any CPU.ActiveCfg = Release|Any CPU
		{69D07FBF-75CA-4C6E-89F7-033E2D9FB710}.Release|Any CPU.Build.0 = Release|Any CPU
		{2B6A42CB-92AF-4D07-9668-5DEDF3417C1D}.Debug|Any CPU.ActiveCfg = Debug|Any CPU
		{2B6A42CB-92AF-4D07-9668-5DEDF3417C1D}.Debug|Any CPU.Build.0 = Debug|Any CPU
		{2B6A42CB-92AF-4D07-9668-5DEDF3417C1D}.Debug|Any CPU.Deploy.0 = Debug|Any CPU
		{2B6A42CB-92AF-4D07-9668-5DEDF3417C1D}.Release|Any CPU.ActiveCfg = Release|Any CPU
		{2B6A42CB-92AF-4D07-9668-5DEDF3417C1D}.Release|Any CPU.Build.0 = Release|Any CPU
		{2B6A42CB-92AF-4D07-9668-5DEDF3417C1D}.Release|Any CPU.Deploy.0 = Release|Any CPU
		{B149C2F2-4E11-4667-A83F-59D6D00401E4}.Debug|Any CPU.ActiveCfg = Debug|Any CPU
		{B149C2F2-4E11-4667-A83F-59D6D00401E4}.Debug|Any CPU.Build.0 = Debug|Any CPU
		{B149C2F2-4E11-4667-A83F-59D6D00401E4}.Release|Any CPU.ActiveCfg = Release|Any CPU
		{B149C2F2-4E11-4667-A83F-59D6D00401E4}.Release|Any CPU.Build.0 = Release|Any CPU
		{A17D2033-4439-4418-8224-96A408B548DB}.Debug|Any CPU.ActiveCfg = Debug|Any CPU
		{A17D2033-4439-4418-8224-96A408B548DB}.Debug|Any CPU.Build.0 = Debug|Any CPU
		{A17D2033-4439-4418-8224-96A408B548DB}.Release|Any CPU.ActiveCfg = Release|Any CPU
		{A17D2033-4439-4418-8224-96A408B548DB}.Release|Any CPU.Build.0 = Release|Any CPU
		{7C9BF166-B714-4553-A5D0-8F7FD334F3A0}.Debug|Any CPU.ActiveCfg = Debug|Any CPU
		{7C9BF166-B714-4553-A5D0-8F7FD334F3A0}.Debug|Any CPU.Build.0 = Debug|Any CPU
		{7C9BF166-B714-4553-A5D0-8F7FD334F3A0}.Release|Any CPU.ActiveCfg = Release|Any CPU
		{7C9BF166-B714-4553-A5D0-8F7FD334F3A0}.Release|Any CPU.Build.0 = Release|Any CPU
		{0654349B-3097-448F-A4B3-B412B9AB20D5}.Debug|Any CPU.ActiveCfg = Debug|Any CPU
		{0654349B-3097-448F-A4B3-B412B9AB20D5}.Debug|Any CPU.Build.0 = Debug|Any CPU
		{0654349B-3097-448F-A4B3-B412B9AB20D5}.Release|Any CPU.ActiveCfg = Release|Any CPU
		{0654349B-3097-448F-A4B3-B412B9AB20D5}.Release|Any CPU.Build.0 = Release|Any CPU
		{B431087D-825B-4085-9747-F374C60FD4C4}.Debug|Any CPU.ActiveCfg = Debug|Any CPU
		{B431087D-825B-4085-9747-F374C60FD4C4}.Debug|Any CPU.Build.0 = Debug|Any CPU
		{B431087D-825B-4085-9747-F374C60FD4C4}.Release|Any CPU.ActiveCfg = Release|Any CPU
		{B431087D-825B-4085-9747-F374C60FD4C4}.Release|Any CPU.Build.0 = Release|Any CPU
		{A149C2F2-4E11-4667-A83F-59D6D00401E4}.Debug|Any CPU.ActiveCfg = Debug|Any CPU
		{A149C2F2-4E11-4667-A83F-59D6D00401E4}.Debug|Any CPU.Build.0 = Debug|Any CPU
		{A149C2F2-4E11-4667-A83F-59D6D00401E4}.Release|Any CPU.ActiveCfg = Release|Any CPU
		{A149C2F2-4E11-4667-A83F-59D6D00401E4}.Release|Any CPU.Build.0 = Release|Any CPU
		{D1C6AF7C-0560-4C09-8650-1A07BBCF92EB}.Debug|Any CPU.ActiveCfg = Debug|Any CPU
		{D1C6AF7C-0560-4C09-8650-1A07BBCF92EB}.Debug|Any CPU.Build.0 = Debug|Any CPU
		{D1C6AF7C-0560-4C09-8650-1A07BBCF92EB}.Release|Any CPU.ActiveCfg = Release|Any CPU
		{D1C6AF7C-0560-4C09-8650-1A07BBCF92EB}.Release|Any CPU.Build.0 = Release|Any CPU
		{0ED7BD42-FA64-41C5-924B-252A500A6529}.Debug|Any CPU.ActiveCfg = Debug|Any CPU
		{0ED7BD42-FA64-41C5-924B-252A500A6529}.Debug|Any CPU.Build.0 = Debug|Any CPU
		{0ED7BD42-FA64-41C5-924B-252A500A6529}.Debug|Any CPU.Deploy.0 = Debug|Any CPU
		{0ED7BD42-FA64-41C5-924B-252A500A6529}.Release|Any CPU.ActiveCfg = Release|Any CPU
		{0ED7BD42-FA64-41C5-924B-252A500A6529}.Release|Any CPU.Build.0 = Release|Any CPU
		{0ED7BD42-FA64-41C5-924B-252A500A6529}.Release|Any CPU.Deploy.0 = Release|Any CPU
	EndGlobalSection
	GlobalSection(SolutionProperties) = preSolution
		HideSolutionNode = FALSE
	EndGlobalSection
EndGlobal
