
Microsoft Visual Studio Solution File, Format Version 12.00
# Visual Studio 14
VisualStudioVersion = 14.0.25420.1
MinimumVisualStudioVersion = 10.0.40219.1
Project("{FAE04EC0-301F-11D3-BF4B-00C04F79EFBC}") = "EdugameCloud.Core", "EdugameCloud.Core\EdugameCloud.Core.csproj", "{4E419CD8-BE17-40E0-B71B-CCA30699D758}"
EndProject
Project("{FAE04EC0-301F-11D3-BF4B-00C04F79EFBC}") = "EdugameCloud.Lti.Core", "EdugameCloud.Lti.Core\EdugameCloud.Lti.Core.csproj", "{FE423C91-0DE1-45DF-8D88-29777F8F8D75}"
EndProject
Project("{2150E333-8FDC-42A3-9474-1A3956D46DE8}") = ".nuget", ".nuget", "{55BBA09A-A844-4A7B-BB8E-38860E00BAEF}"
	ProjectSection(SolutionItems) = preProject
		.nuget\NuGet.Config = .nuget\NuGet.Config
		.nuget\NuGet.exe = .nuget\NuGet.exe
		.nuget\NuGet.targets = .nuget\NuGet.targets
	EndProjectSection
EndProject
Project("{FAE04EC0-301F-11D3-BF4B-00C04F79EFBC}") = "EdugameCloud.Core.Logging", "EdugameCloud.Core.Logging\EdugameCloud.Core.Logging.csproj", "{2C718C51-FA6E-47DF-8260-E1F085B3BC48}"
EndProject
Project("{FAE04EC0-301F-11D3-BF4B-00C04F79EFBC}") = "EdugameCloud.Lti.Monitoring", "EdugameCloud.Lti.Monitoring\EdugameCloud.Lti.Monitoring.csproj", "{BAC99ECC-6812-4BEC-B929-EC49A0CA5F7D}"
EndProject
Project("{FAE04EC0-301F-11D3-BF4B-00C04F79EFBC}") = "EdugameCloud.Lti.Tests.FrontEnd", "EdugameCloud.Lti.Tests.FrontEnd\EdugameCloud.Lti.Tests.FrontEnd.csproj", "{0BB2CE25-5E74-4FB9-8782-07E10F83BF2F}"
EndProject
Global
	GlobalSection(SolutionConfigurationPlatforms) = preSolution
		Debug|Any CPU = Debug|Any CPU
		LmsUserUpdaterRelease|Any CPU = LmsUserUpdaterRelease|Any CPU
		Mp4Release|Any CPU = Mp4Release|Any CPU
		MyContentRelease|Any CPU = MyContentRelease|Any CPU
		PublicApiRelease|Any CPU = PublicApiRelease|Any CPU
		Release|Any CPU = Release|Any CPU
		RootRelease|Any CPU = RootRelease|Any CPU
		ServiceRelease|Any CPU = ServiceRelease|Any CPU
		WebRequesterRelease|Any CPU = WebRequesterRelease|Any CPU
	EndGlobalSection
	GlobalSection(ProjectConfigurationPlatforms) = postSolution
		{4E419CD8-BE17-40E0-B71B-CCA30699D758}.Debug|Any CPU.ActiveCfg = Debug|Any CPU
		{4E419CD8-BE17-40E0-B71B-CCA30699D758}.Debug|Any CPU.Build.0 = Debug|Any CPU
		{4E419CD8-BE17-40E0-B71B-CCA30699D758}.LmsUserUpdaterRelease|Any CPU.ActiveCfg = Release|Any CPU
		{4E419CD8-BE17-40E0-B71B-CCA30699D758}.LmsUserUpdaterRelease|Any CPU.Build.0 = Release|Any CPU
		{4E419CD8-BE17-40E0-B71B-CCA30699D758}.Mp4Release|Any CPU.ActiveCfg = Release|Any CPU
		{4E419CD8-BE17-40E0-B71B-CCA30699D758}.Mp4Release|Any CPU.Build.0 = Release|Any CPU
		{4E419CD8-BE17-40E0-B71B-CCA30699D758}.MyContentRelease|Any CPU.ActiveCfg = Release|Any CPU
		{4E419CD8-BE17-40E0-B71B-CCA30699D758}.MyContentRelease|Any CPU.Build.0 = Release|Any CPU
		{4E419CD8-BE17-40E0-B71B-CCA30699D758}.PublicApiRelease|Any CPU.ActiveCfg = Release|Any CPU
		{4E419CD8-BE17-40E0-B71B-CCA30699D758}.PublicApiRelease|Any CPU.Build.0 = Release|Any CPU
		{4E419CD8-BE17-40E0-B71B-CCA30699D758}.Release|Any CPU.ActiveCfg = Release|Any CPU
		{4E419CD8-BE17-40E0-B71B-CCA30699D758}.Release|Any CPU.Build.0 = Release|Any CPU
		{4E419CD8-BE17-40E0-B71B-CCA30699D758}.RootRelease|Any CPU.ActiveCfg = Release|Any CPU
		{4E419CD8-BE17-40E0-B71B-CCA30699D758}.RootRelease|Any CPU.Build.0 = Release|Any CPU
		{4E419CD8-BE17-40E0-B71B-CCA30699D758}.ServiceRelease|Any CPU.ActiveCfg = Release|Any CPU
		{4E419CD8-BE17-40E0-B71B-CCA30699D758}.ServiceRelease|Any CPU.Build.0 = Release|Any CPU
		{4E419CD8-BE17-40E0-B71B-CCA30699D758}.WebRequesterRelease|Any CPU.ActiveCfg = Release|Any CPU
		{FE423C91-0DE1-45DF-8D88-29777F8F8D75}.Debug|Any CPU.ActiveCfg = Debug|Any CPU
		{FE423C91-0DE1-45DF-8D88-29777F8F8D75}.Debug|Any CPU.Build.0 = Debug|Any CPU
		{FE423C91-0DE1-45DF-8D88-29777F8F8D75}.LmsUserUpdaterRelease|Any CPU.ActiveCfg = Release|Any CPU
		{FE423C91-0DE1-45DF-8D88-29777F8F8D75}.LmsUserUpdaterRelease|Any CPU.Build.0 = Release|Any CPU
		{FE423C91-0DE1-45DF-8D88-29777F8F8D75}.Mp4Release|Any CPU.ActiveCfg = Release|Any CPU
		{FE423C91-0DE1-45DF-8D88-29777F8F8D75}.Mp4Release|Any CPU.Build.0 = Release|Any CPU
		{FE423C91-0DE1-45DF-8D88-29777F8F8D75}.MyContentRelease|Any CPU.ActiveCfg = Release|Any CPU
		{FE423C91-0DE1-45DF-8D88-29777F8F8D75}.MyContentRelease|Any CPU.Build.0 = Release|Any CPU
		{FE423C91-0DE1-45DF-8D88-29777F8F8D75}.PublicApiRelease|Any CPU.ActiveCfg = Release|Any CPU
		{FE423C91-0DE1-45DF-8D88-29777F8F8D75}.PublicApiRelease|Any CPU.Build.0 = Release|Any CPU
		{FE423C91-0DE1-45DF-8D88-29777F8F8D75}.Release|Any CPU.ActiveCfg = Release|Any CPU
		{FE423C91-0DE1-45DF-8D88-29777F8F8D75}.Release|Any CPU.Build.0 = Release|Any CPU
		{FE423C91-0DE1-45DF-8D88-29777F8F8D75}.RootRelease|Any CPU.ActiveCfg = Release|Any CPU
		{FE423C91-0DE1-45DF-8D88-29777F8F8D75}.RootRelease|Any CPU.Build.0 = Release|Any CPU
		{FE423C91-0DE1-45DF-8D88-29777F8F8D75}.ServiceRelease|Any CPU.ActiveCfg = Release|Any CPU
		{FE423C91-0DE1-45DF-8D88-29777F8F8D75}.ServiceRelease|Any CPU.Build.0 = Release|Any CPU
		{FE423C91-0DE1-45DF-8D88-29777F8F8D75}.WebRequesterRelease|Any CPU.ActiveCfg = Release|Any CPU
		{2C718C51-FA6E-47DF-8260-E1F085B3BC48}.Debug|Any CPU.ActiveCfg = Debug|Any CPU
		{2C718C51-FA6E-47DF-8260-E1F085B3BC48}.Debug|Any CPU.Build.0 = Debug|Any CPU
		{2C718C51-FA6E-47DF-8260-E1F085B3BC48}.LmsUserUpdaterRelease|Any CPU.ActiveCfg = Release|Any CPU
		{2C718C51-FA6E-47DF-8260-E1F085B3BC48}.LmsUserUpdaterRelease|Any CPU.Build.0 = Release|Any CPU
		{2C718C51-FA6E-47DF-8260-E1F085B3BC48}.Mp4Release|Any CPU.ActiveCfg = Release|Any CPU
		{2C718C51-FA6E-47DF-8260-E1F085B3BC48}.Mp4Release|Any CPU.Build.0 = Release|Any CPU
		{2C718C51-FA6E-47DF-8260-E1F085B3BC48}.MyContentRelease|Any CPU.ActiveCfg = Release|Any CPU
		{2C718C51-FA6E-47DF-8260-E1F085B3BC48}.MyContentRelease|Any CPU.Build.0 = Release|Any CPU
		{2C718C51-FA6E-47DF-8260-E1F085B3BC48}.PublicApiRelease|Any CPU.ActiveCfg = Release|Any CPU
		{2C718C51-FA6E-47DF-8260-E1F085B3BC48}.PublicApiRelease|Any CPU.Build.0 = Release|Any CPU
		{2C718C51-FA6E-47DF-8260-E1F085B3BC48}.Release|Any CPU.ActiveCfg = Release|Any CPU
		{2C718C51-FA6E-47DF-8260-E1F085B3BC48}.Release|Any CPU.Build.0 = Release|Any CPU
		{2C718C51-FA6E-47DF-8260-E1F085B3BC48}.RootRelease|Any CPU.ActiveCfg = Release|Any CPU
		{2C718C51-FA6E-47DF-8260-E1F085B3BC48}.RootRelease|Any CPU.Build.0 = Release|Any CPU
		{2C718C51-FA6E-47DF-8260-E1F085B3BC48}.ServiceRelease|Any CPU.ActiveCfg = Release|Any CPU
		{2C718C51-FA6E-47DF-8260-E1F085B3BC48}.ServiceRelease|Any CPU.Build.0 = Release|Any CPU
		{2C718C51-FA6E-47DF-8260-E1F085B3BC48}.WebRequesterRelease|Any CPU.ActiveCfg = Release|Any CPU
		{BAC99ECC-6812-4BEC-B929-EC49A0CA5F7D}.Debug|Any CPU.ActiveCfg = Debug|Any CPU
		{BAC99ECC-6812-4BEC-B929-EC49A0CA5F7D}.Debug|Any CPU.Build.0 = Debug|Any CPU
		{BAC99ECC-6812-4BEC-B929-EC49A0CA5F7D}.LmsUserUpdaterRelease|Any CPU.ActiveCfg = Release|Any CPU
		{BAC99ECC-6812-4BEC-B929-EC49A0CA5F7D}.LmsUserUpdaterRelease|Any CPU.Build.0 = Release|Any CPU
		{BAC99ECC-6812-4BEC-B929-EC49A0CA5F7D}.Mp4Release|Any CPU.ActiveCfg = Release|Any CPU
		{BAC99ECC-6812-4BEC-B929-EC49A0CA5F7D}.Mp4Release|Any CPU.Build.0 = Release|Any CPU
		{BAC99ECC-6812-4BEC-B929-EC49A0CA5F7D}.MyContentRelease|Any CPU.ActiveCfg = Release|Any CPU
		{BAC99ECC-6812-4BEC-B929-EC49A0CA5F7D}.MyContentRelease|Any CPU.Build.0 = Release|Any CPU
		{BAC99ECC-6812-4BEC-B929-EC49A0CA5F7D}.PublicApiRelease|Any CPU.ActiveCfg = Release|Any CPU
		{BAC99ECC-6812-4BEC-B929-EC49A0CA5F7D}.PublicApiRelease|Any CPU.Build.0 = Release|Any CPU
		{BAC99ECC-6812-4BEC-B929-EC49A0CA5F7D}.Release|Any CPU.ActiveCfg = Release|Any CPU
		{BAC99ECC-6812-4BEC-B929-EC49A0CA5F7D}.Release|Any CPU.Build.0 = Release|Any CPU
		{BAC99ECC-6812-4BEC-B929-EC49A0CA5F7D}.RootRelease|Any CPU.ActiveCfg = Release|Any CPU
		{BAC99ECC-6812-4BEC-B929-EC49A0CA5F7D}.RootRelease|Any CPU.Build.0 = Release|Any CPU
		{BAC99ECC-6812-4BEC-B929-EC49A0CA5F7D}.ServiceRelease|Any CPU.ActiveCfg = Release|Any CPU
		{BAC99ECC-6812-4BEC-B929-EC49A0CA5F7D}.ServiceRelease|Any CPU.Build.0 = Release|Any CPU
		{BAC99ECC-6812-4BEC-B929-EC49A0CA5F7D}.WebRequesterRelease|Any CPU.ActiveCfg = Release|Any CPU
		{BAC99ECC-6812-4BEC-B929-EC49A0CA5F7D}.WebRequesterRelease|Any CPU.Build.0 = Release|Any CPU
		{0BB2CE25-5E74-4FB9-8782-07E10F83BF2F}.Debug|Any CPU.ActiveCfg = Debug|Any CPU
		{0BB2CE25-5E74-4FB9-8782-07E10F83BF2F}.Debug|Any CPU.Build.0 = Debug|Any CPU
		{0BB2CE25-5E74-4FB9-8782-07E10F83BF2F}.LmsUserUpdaterRelease|Any CPU.ActiveCfg = Release|Any CPU
		{0BB2CE25-5E74-4FB9-8782-07E10F83BF2F}.LmsUserUpdaterRelease|Any CPU.Build.0 = Release|Any CPU
		{0BB2CE25-5E74-4FB9-8782-07E10F83BF2F}.Mp4Release|Any CPU.ActiveCfg = Release|Any CPU
		{0BB2CE25-5E74-4FB9-8782-07E10F83BF2F}.Mp4Release|Any CPU.Build.0 = Release|Any CPU
		{0BB2CE25-5E74-4FB9-8782-07E10F83BF2F}.MyContentRelease|Any CPU.ActiveCfg = Release|Any CPU
		{0BB2CE25-5E74-4FB9-8782-07E10F83BF2F}.MyContentRelease|Any CPU.Build.0 = Release|Any CPU
		{0BB2CE25-5E74-4FB9-8782-07E10F83BF2F}.PublicApiRelease|Any CPU.ActiveCfg = Release|Any CPU
		{0BB2CE25-5E74-4FB9-8782-07E10F83BF2F}.PublicApiRelease|Any CPU.Build.0 = Release|Any CPU
		{0BB2CE25-5E74-4FB9-8782-07E10F83BF2F}.Release|Any CPU.ActiveCfg = Release|Any CPU
		{0BB2CE25-5E74-4FB9-8782-07E10F83BF2F}.Release|Any CPU.Build.0 = Release|Any CPU
		{0BB2CE25-5E74-4FB9-8782-07E10F83BF2F}.RootRelease|Any CPU.ActiveCfg = Release|Any CPU
		{0BB2CE25-5E74-4FB9-8782-07E10F83BF2F}.RootRelease|Any CPU.Build.0 = Release|Any CPU
		{0BB2CE25-5E74-4FB9-8782-07E10F83BF2F}.ServiceRelease|Any CPU.ActiveCfg = Release|Any CPU
		{0BB2CE25-5E74-4FB9-8782-07E10F83BF2F}.ServiceRelease|Any CPU.Build.0 = Release|Any CPU
		{0BB2CE25-5E74-4FB9-8782-07E10F83BF2F}.WebRequesterRelease|Any CPU.ActiveCfg = Release|Any CPU
		{0BB2CE25-5E74-4FB9-8782-07E10F83BF2F}.WebRequesterRelease|Any CPU.Build.0 = Release|Any CPU
	EndGlobalSection
	GlobalSection(SolutionProperties) = preSolution
		HideSolutionNode = FALSE
	EndGlobalSection
EndGlobal
