
Microsoft Visual Studio Solution File, Format Version 12.00
# Visual Studio 15
VisualStudioVersion = 15.0.26228.4
MinimumVisualStudioVersion = 10.0.40219.1
Project("{FAE04EC0-301F-11D3-BF4B-00C04F79EFBC}") = "Esynctraining.ForwardingProxyMiddleware", "Esynctraining.ForwardingProxyMiddleware\Esynctraining.ForwardingProxyMiddleware.csproj", "{15F4ADDB-3B75-4BEE-A5F7-02FAEDE301C7}"
EndProject
Project("{FAE04EC0-301F-11D3-BF4B-00C04F79EFBC}") = "Esynctraining.ProxyMiddleware.Web.Test", "Esynctraining.ProxyMiddleware.Web.Test\Esynctraining.ProxyMiddleware.Web.Test.csproj", "{A515E9A1-B7DE-494B-B25F-303586C3024F}"
EndProject
Project("{FAE04EC0-301F-11D3-BF4B-00C04F79EFBC}") = "WebApplication", "WebApplication\WebApplication.csproj", "{EBCB5E1A-5F00-4014-A31A-EC7AFEB792D5}"
EndProject
Global
	GlobalSection(SolutionConfigurationPlatforms) = preSolution
		Debug|Any CPU = Debug|Any CPU
		Release|Any CPU = Release|Any CPU
	EndGlobalSection
	GlobalSection(ProjectConfigurationPlatforms) = postSolution
		{15F4ADDB-3B75-4BEE-A5F7-02FAEDE301C7}.Debug|Any CPU.ActiveCfg = Debug|Any CPU
		{15F4ADDB-3B75-4BEE-A5F7-02FAEDE301C7}.Debug|Any CPU.Build.0 = Debug|Any CPU
		{15F4ADDB-3B75-4BEE-A5F7-02FAEDE301C7}.Release|Any CPU.ActiveCfg = Release|Any CPU
		{15F4ADDB-3B75-4BEE-A5F7-02FAEDE301C7}.Release|Any CPU.Build.0 = Release|Any CPU
		{A515E9A1-B7DE-494B-B25F-303586C3024F}.Debug|Any CPU.ActiveCfg = Debug|Any CPU
		{A515E9A1-B7DE-494B-B25F-303586C3024F}.Debug|Any CPU.Build.0 = Debug|Any CPU
		{A515E9A1-B7DE-494B-B25F-303586C3024F}.Release|Any CPU.ActiveCfg = Release|Any CPU
		{A515E9A1-B7DE-494B-B25F-303586C3024F}.Release|Any CPU.Build.0 = Release|Any CPU
		{EBCB5E1A-5F00-4014-A31A-EC7AFEB792D5}.Debug|Any CPU.ActiveCfg = Debug|Any CPU
		{EBCB5E1A-5F00-4014-A31A-EC7AFEB792D5}.Debug|Any CPU.Build.0 = Debug|Any CPU
		{EBCB5E1A-5F00-4014-A31A-EC7AFEB792D5}.Release|Any CPU.ActiveCfg = Release|Any CPU
		{EBCB5E1A-5F00-4014-A31A-EC7AFEB792D5}.Release|Any CPU.Build.0 = Release|Any CPU
	EndGlobalSection
	GlobalSection(SolutionProperties) = preSolution
		HideSolutionNode = FALSE
	EndGlobalSection
EndGlobal
