
Microsoft Visual Studio Solution File, Format Version 12.00
# Visual Studio 14
VisualStudioVersion = 14.0.24720.0
MinimumVisualStudioVersion = 10.0.40219.1
Project("{FAE04EC0-301F-11D3-BF4B-00C04F79EFBC}") = "Esynctraining.Core", "Esynctraining.Core\Esynctraining.Core.csproj", "{454CA615-9F14-4A1F-ADAC-1F1C400E257D}"
EndProject
Project("{FAE04EC0-301F-11D3-BF4B-00C04F79EFBC}") = "Esynctraining.Mail", "Esynctraining.Mail\Esynctraining.Mail.csproj", "{873245BF-8C4A-423A-9EA0-31811C2F660C}"
EndProject
Project("{FAE04EC0-301F-11D3-BF4B-00C04F79EFBC}") = "Esynctraining.NHibernate", "Esynctraining.NHibernate\Esynctraining.NHibernate.csproj", "{8C3CE318-AE62-4BD4-99F4-7E6535ABF169}"
EndProject
Project("{FAE04EC0-301F-11D3-BF4B-00C04F79EFBC}") = "Esynctraining.Windsor", "Esynctraining.Windsor\Esynctraining.Windsor.csproj", "{FE048076-0422-48F3-8955-B32ABFD62595}"
EndProject
Project("{FAE04EC0-301F-11D3-BF4B-00C04F79EFBC}") = "Esynctraining.FluentValidation", "Esynctraining.FluentValidation\Esynctraining.FluentValidation.csproj", "{640E39C0-59A8-45C6-AB50-5C8F15A3803C}"
EndProject
Project("{FAE04EC0-301F-11D3-BF4B-00C04F79EFBC}") = "Esynctraining.Core.Wcf", "Esynctraining.Core.Wcf\Esynctraining.Core.Wcf.csproj", "{FB054AF9-5332-4A82-9311-13B8AB09193D}"
EndProject
Project("{FAE04EC0-301F-11D3-BF4B-00C04F79EFBC}") = "Esynctraining.Crypto", "Esynctraining.Crypto\Esynctraining.Crypto.csproj", "{9AC42D6C-8D85-4EFB-BCF5-CF0A6923C9A4}"
EndProject
Project("{FAE04EC0-301F-11D3-BF4B-00C04F79EFBC}") = "Esynctraining.Core.Logging.CastleLogger", "Esynctraining.Core.Logging.CastleLogger\Esynctraining.Core.Logging.CastleLogger.csproj", "{0268975F-3268-4319-A885-9A4687BB29BC}"
EndProject
Project("{FAE04EC0-301F-11D3-BF4B-00C04F79EFBC}") = "Esynctraining.Mvc", "Esynctraining.Mvc\Esynctraining.Mvc.csproj", "{EF355DBF-24AF-451F-A112-116B83E9843B}"
EndProject
Project("{FAE04EC0-301F-11D3-BF4B-00C04F79EFBC}") = "Esynctraining.WebApi", "Esynctraining.WebApi\Esynctraining.WebApi.csproj", "{8E055DD8-4D62-4F7D-9A3C-5E364FAFEA74}"
EndProject
Global
	GlobalSection(SolutionConfigurationPlatforms) = preSolution
		Debug|Any CPU = Debug|Any CPU
		Release|Any CPU = Release|Any CPU
	EndGlobalSection
	GlobalSection(ProjectConfigurationPlatforms) = postSolution
		{454CA615-9F14-4A1F-ADAC-1F1C400E257D}.Debug|Any CPU.ActiveCfg = Debug|Any CPU
		{454CA615-9F14-4A1F-ADAC-1F1C400E257D}.Debug|Any CPU.Build.0 = Debug|Any CPU
		{454CA615-9F14-4A1F-ADAC-1F1C400E257D}.Release|Any CPU.ActiveCfg = Release|Any CPU
		{454CA615-9F14-4A1F-ADAC-1F1C400E257D}.Release|Any CPU.Build.0 = Release|Any CPU
		{873245BF-8C4A-423A-9EA0-31811C2F660C}.Debug|Any CPU.ActiveCfg = Debug|Any CPU
		{873245BF-8C4A-423A-9EA0-31811C2F660C}.Debug|Any CPU.Build.0 = Debug|Any CPU
		{873245BF-8C4A-423A-9EA0-31811C2F660C}.Release|Any CPU.ActiveCfg = Release|Any CPU
		{873245BF-8C4A-423A-9EA0-31811C2F660C}.Release|Any CPU.Build.0 = Release|Any CPU
		{8C3CE318-AE62-4BD4-99F4-7E6535ABF169}.Debug|Any CPU.ActiveCfg = Debug|Any CPU
		{8C3CE318-AE62-4BD4-99F4-7E6535ABF169}.Debug|Any CPU.Build.0 = Debug|Any CPU
		{8C3CE318-AE62-4BD4-99F4-7E6535ABF169}.Release|Any CPU.ActiveCfg = Release|Any CPU
		{8C3CE318-AE62-4BD4-99F4-7E6535ABF169}.Release|Any CPU.Build.0 = Release|Any CPU
		{FE048076-0422-48F3-8955-B32ABFD62595}.Debug|Any CPU.ActiveCfg = Debug|Any CPU
		{FE048076-0422-48F3-8955-B32ABFD62595}.Debug|Any CPU.Build.0 = Debug|Any CPU
		{FE048076-0422-48F3-8955-B32ABFD62595}.Release|Any CPU.ActiveCfg = Release|Any CPU
		{FE048076-0422-48F3-8955-B32ABFD62595}.Release|Any CPU.Build.0 = Release|Any CPU
		{640E39C0-59A8-45C6-AB50-5C8F15A3803C}.Debug|Any CPU.ActiveCfg = Debug|Any CPU
		{640E39C0-59A8-45C6-AB50-5C8F15A3803C}.Debug|Any CPU.Build.0 = Debug|Any CPU
		{640E39C0-59A8-45C6-AB50-5C8F15A3803C}.Release|Any CPU.ActiveCfg = Release|Any CPU
		{640E39C0-59A8-45C6-AB50-5C8F15A3803C}.Release|Any CPU.Build.0 = Release|Any CPU
		{FB054AF9-5332-4A82-9311-13B8AB09193D}.Debug|Any CPU.ActiveCfg = Debug|Any CPU
		{FB054AF9-5332-4A82-9311-13B8AB09193D}.Debug|Any CPU.Build.0 = Debug|Any CPU
		{FB054AF9-5332-4A82-9311-13B8AB09193D}.Release|Any CPU.ActiveCfg = Release|Any CPU
		{FB054AF9-5332-4A82-9311-13B8AB09193D}.Release|Any CPU.Build.0 = Release|Any CPU
		{9AC42D6C-8D85-4EFB-BCF5-CF0A6923C9A4}.Debug|Any CPU.ActiveCfg = Debug|Any CPU
		{9AC42D6C-8D85-4EFB-BCF5-CF0A6923C9A4}.Debug|Any CPU.Build.0 = Debug|Any CPU
		{9AC42D6C-8D85-4EFB-BCF5-CF0A6923C9A4}.Release|Any CPU.ActiveCfg = Release|Any CPU
		{9AC42D6C-8D85-4EFB-BCF5-CF0A6923C9A4}.Release|Any CPU.Build.0 = Release|Any CPU
		{0268975F-3268-4319-A885-9A4687BB29BC}.Debug|Any CPU.ActiveCfg = Debug|Any CPU
		{0268975F-3268-4319-A885-9A4687BB29BC}.Debug|Any CPU.Build.0 = Debug|Any CPU
		{0268975F-3268-4319-A885-9A4687BB29BC}.Release|Any CPU.ActiveCfg = Release|Any CPU
		{0268975F-3268-4319-A885-9A4687BB29BC}.Release|Any CPU.Build.0 = Release|Any CPU
		{EF355DBF-24AF-451F-A112-116B83E9843B}.Debug|Any CPU.ActiveCfg = Debug|Any CPU
		{EF355DBF-24AF-451F-A112-116B83E9843B}.Debug|Any CPU.Build.0 = Debug|Any CPU
		{EF355DBF-24AF-451F-A112-116B83E9843B}.Release|Any CPU.ActiveCfg = Release|Any CPU
		{EF355DBF-24AF-451F-A112-116B83E9843B}.Release|Any CPU.Build.0 = Release|Any CPU
		{8E055DD8-4D62-4F7D-9A3C-5E364FAFEA74}.Debug|Any CPU.ActiveCfg = Debug|Any CPU
		{8E055DD8-4D62-4F7D-9A3C-5E364FAFEA74}.Debug|Any CPU.Build.0 = Debug|Any CPU
		{8E055DD8-4D62-4F7D-9A3C-5E364FAFEA74}.Release|Any CPU.ActiveCfg = Release|Any CPU
		{8E055DD8-4D62-4F7D-9A3C-5E364FAFEA74}.Release|Any CPU.Build.0 = Release|Any CPU
	EndGlobalSection
	GlobalSection(SolutionProperties) = preSolution
		HideSolutionNode = FALSE
	EndGlobalSection
EndGlobal
