
Microsoft Visual Studio Solution File, Format Version 12.00
# Visual Studio 14
VisualStudioVersion = 14.0.25420.1
MinimumVisualStudioVersion = 10.0.40219.1
Project("{FAE04EC0-301F-11D3-BF4B-00C04F79EFBC}") = "Esynctraining.LogViewer.WebMvc", "Esynctraining.LogViewer.WebMvc\Esynctraining.LogViewer.WebMvc.csproj", "{925D06F0-F131-4F4C-AC30-9F34E8F2E15F}"
EndProject
Project("{00D1A9C2-B5F0-4AF3-8072-F6C62B433612}") = "Esynctraining.LogViewer.Db", "Esynctraining.LogViewer.Db\Esynctraining.LogViewer.Db.sqlproj", "{46A011E6-4755-4D46-A1EF-17AF857E5A3D}"
EndProject
Global
	GlobalSection(SolutionConfigurationPlatforms) = preSolution
		Debug|Any CPU = Debug|Any CPU
		Release|Any CPU = Release|Any CPU
	EndGlobalSection
	GlobalSection(ProjectConfigurationPlatforms) = postSolution
		{925D06F0-F131-4F4C-AC30-9F34E8F2E15F}.Debug|Any CPU.ActiveCfg = Debug|Any CPU
		{925D06F0-F131-4F4C-AC30-9F34E8F2E15F}.Debug|Any CPU.Build.0 = Debug|Any CPU
		{925D06F0-F131-4F4C-AC30-9F34E8F2E15F}.Release|Any CPU.ActiveCfg = Release|Any CPU
		{925D06F0-F131-4F4C-AC30-9F34E8F2E15F}.Release|Any CPU.Build.0 = Release|Any CPU
		{46A011E6-4755-4D46-A1EF-17AF857E5A3D}.Debug|Any CPU.ActiveCfg = Debug|Any CPU
		{46A011E6-4755-4D46-A1EF-17AF857E5A3D}.Debug|Any CPU.Build.0 = Debug|Any CPU
		{46A011E6-4755-4D46-A1EF-17AF857E5A3D}.Release|Any CPU.ActiveCfg = Release|Any CPU
		{46A011E6-4755-4D46-A1EF-17AF857E5A3D}.Release|Any CPU.Build.0 = Release|Any CPU
	EndGlobalSection
	GlobalSection(SolutionProperties) = preSolution
		HideSolutionNode = FALSE
	EndGlobalSection
EndGlobal
