
Microsoft Visual Studio Solution File, Format Version 12.00
# Visual Studio 15
VisualStudioVersion = 15.0.26730.15
MinimumVisualStudioVersion = 10.0.40219.1
Project("{9A19103F-16F7-4668-BE54-9A1E7A4F7556}") = "Esynctraining.Mail.Api.Rest.Host", "Esynctraining.Mail.Api.Rest.Host\Esynctraining.Mail.Api.Rest.Host.csproj", "{3AA18C37-DE11-4EDE-B4D9-5DE447B63D2F}"
EndProject
Global
	GlobalSection(SolutionConfigurationPlatforms) = preSolution
		Debug|Any CPU = Debug|Any CPU
		Release|Any CPU = Release|Any CPU
	EndGlobalSection
	GlobalSection(ProjectConfigurationPlatforms) = postSolution
		{3AA18C37-DE11-4EDE-B4D9-5DE447B63D2F}.Debug|Any CPU.ActiveCfg = Debug|Any CPU
		{3AA18C37-DE11-4EDE-B4D9-5DE447B63D2F}.Debug|Any CPU.Build.0 = Debug|Any CPU
		{3AA18C37-DE11-4EDE-B4D9-5DE447B63D2F}.Release|Any CPU.ActiveCfg = Release|Any CPU
		{3AA18C37-DE11-4EDE-B4D9-5DE447B63D2F}.Release|Any CPU.Build.0 = Release|Any CPU
	EndGlobalSection
	GlobalSection(SolutionProperties) = preSolution
		HideSolutionNode = FALSE
	EndGlobalSection
	GlobalSection(ExtensibilityGlobals) = postSolution
		SolutionGuid = {ED89F93B-478F-4D37-9196-355DE6261B11}
	EndGlobalSection
EndGlobal
